Microsoft Visual Studio Solution File, Format Version 12.00
# Visual Studio Version 18
VisualStudioVersion = 18.0.11018.127 d18.0
MinimumVisualStudioVersion = 10.0.40219.1
Project("{2150E333-8FDC-42A3-9474-1A3956D46DE8}") = "Solution Items", "Solution Items", "{8F02AE47-B319-4BCB-B7EE-FDECAA487C0B}"
	ProjectSection(SolutionItems) = preProject
		.editorconfig = .editorconfig
	EndProjectSection
EndProject
Project("{9A19103F-16F7-4668-BE54-9A1E7A4F7556}") = "Benchmarks", "Benchmarks\Benchmarks.csproj", "{A0CFC24D-3C11-49F8-BF35-0ED04E82583F}"
EndProject
Project("{2150E333-8FDC-42A3-9474-1A3956D46DE8}") = "Fin", "Fin", "{98E57180-48B9-4648-AE42-7C7C67120471}"
EndProject
Project("{9A19103F-16F7-4668-BE54-9A1E7A4F7556}") = "Fin", "Fin\Fin\Fin.csproj", "{48B6183A-CF51-42A4-889E-A75DA704D71D}"
EndProject
Project("{9A19103F-16F7-4668-BE54-9A1E7A4F7556}") = "Fin Tests", "Fin\Fin Tests\Fin Tests.csproj", "{8D0572E4-4867-4AB4-B0C3-AE0BDDD3FEC6}"
	ProjectSection(ProjectDependencies) = postProject
		{48B6183A-CF51-42A4-889E-A75DA704D71D} = {48B6183A-CF51-42A4-889E-A75DA704D71D}
	EndProjectSection
EndProject
Project("{9A19103F-16F7-4668-BE54-9A1E7A4F7556}") = "Fin.Ui", "Fin\Fin.Ui\Fin.Ui.csproj", "{67376177-19DB-4684-AE31-52E98F62D363}"
	ProjectSection(ProjectDependencies) = postProject
		{69C48554-5070-4D02-9BCE-E50200A87112} = {69C48554-5070-4D02-9BCE-E50200A87112}
	EndProjectSection
EndProject
Project("{9A19103F-16F7-4668-BE54-9A1E7A4F7556}") = "ModelPluginWrappers", "ModelPluginWrappers\ModelPluginWrappers.csproj", "{2FC033F8-043D-4175-BA13-B49A4DCD19B4}"
EndProject
Project("{2150E333-8FDC-42A3-9474-1A3956D46DE8}") = "UniversalAssetTool", "UniversalAssetTool", "{2490FB17-BB03-4B06-95A2-56BD49921D53}"
EndProject
Project("{9A19103F-16F7-4668-BE54-9A1E7A4F7556}") = "UniversalAssetTool", "UniversalAssetTool\UniversalAssetTool\UniversalAssetTool.csproj", "{C8F325AF-2914-483C-B8A8-CED76E03C31E}"
	ProjectSection(ProjectDependencies) = postProject
		{2FE7D88B-9241-44B0-BC25-FE293EADCF59} = {2FE7D88B-9241-44B0-BC25-FE293EADCF59}
		{48B6183A-CF51-42A4-889E-A75DA704D71D} = {48B6183A-CF51-42A4-889E-A75DA704D71D}
		{E794C24F-B285-4BBD-9388-35382AB1A1B4} = {E794C24F-B285-4BBD-9388-35382AB1A1B4}
	EndProjectSection
EndProject
Project("{9A19103F-16F7-4668-BE54-9A1E7A4F7556}") = "Utility of Time CSharp", "Utility of Time CSharp\Utility of Time CSharp.csproj", "{089C1412-5CCA-4E35-A3A9-13BB34071E8C}"
EndProject
Project("{9A19103F-16F7-4668-BE54-9A1E7A4F7556}") = "UniversalAssetTool Tests", "UniversalAssetTool\UniversalAssetTool Tests\UniversalAssetTool Tests.csproj", "{78881F67-0F9D-47E4-9FD3-DCDEC4E0BEEE}"
EndProject
Project("{2150E333-8FDC-42A3-9474-1A3956D46DE8}") = "Formats", "Formats", "{F825789E-A737-4B16-AB6B-37342AC56705}"
EndProject
Project("{2150E333-8FDC-42A3-9474-1A3956D46DE8}") = "Ast", "Ast", "{5440ADEB-9326-4147-89FE-C87F5CE6B013}"
EndProject
Project("{9A19103F-16F7-4668-BE54-9A1E7A4F7556}") = "Ast", "Formats\Ast\Ast\Ast.csproj", "{C0718D40-6D24-49F4-A30D-55B14078A0A1}"
EndProject
Project("{9A19103F-16F7-4668-BE54-9A1E7A4F7556}") = "Ast Tests", "Formats\Ast\Ast Tests\Ast Tests.csproj", "{DE4EC779-18FF-44DB-94AE-1A38CD497EC5}"
EndProject
Project("{2150E333-8FDC-42A3-9474-1A3956D46DE8}") = "Grezzo", "Grezzo", "{7E95704D-43F3-4187-97B6-8FA621F8230E}"
EndProject
Project("{9A19103F-16F7-4668-BE54-9A1E7A4F7556}") = "Grezzo", "Libraries\Grezzo\Grezzo\Grezzo.csproj", "{7F57B864-05CB-4488-A798-0FC08D9F62B2}"
EndProject
Project("{9A19103F-16F7-4668-BE54-9A1E7A4F7556}") = "Grezzo Tests", "Libraries\Grezzo\Grezzo Tests\Grezzo Tests.csproj", "{288E57B9-4D50-42D9-89C7-51A730B0C46A}"
EndProject
Project("{2150E333-8FDC-42A3-9474-1A3956D46DE8}") = "Sysdolphin", "Sysdolphin", "{B2A94E52-625B-4AB1-96C8-DA04C0816168}"
EndProject
Project("{9A19103F-16F7-4668-BE54-9A1E7A4F7556}") = "Sysdolphin", "Libraries\Sysdolphin\Sysdolphin\Sysdolphin.csproj", "{E97647AB-CDFF-4DDA-A516-79AF2CAEEB59}"
EndProject
Project("{9A19103F-16F7-4668-BE54-9A1E7A4F7556}") = "Sysdolphin Tests", "Libraries\Sysdolphin\Sysdolphin Tests\Sysdolphin Tests.csproj", "{272EA254-6413-4CB0-9A7A-937167BEBE3A}"
EndProject
Project("{9A19103F-16F7-4668-BE54-9A1E7A4F7556}") = "F3dzex2", "Libraries\F3dzex2\F3dzex2\F3dzex2.csproj", "{439E4AFB-51BD-4F54-B6FA-E20A06E29D6F}"
EndProject
Project("{2150E333-8FDC-42A3-9474-1A3956D46DE8}") = "Glo", "Glo", "{7E57743A-6B22-4706-80F6-A0A0B6D0F64A}"
EndProject
Project("{9A19103F-16F7-4668-BE54-9A1E7A4F7556}") = "Glo", "Formats\Glo\Glo\Glo.csproj", "{A5EB1658-A4ED-4AD0-BAEB-917A74D9D180}"
EndProject
Project("{9A19103F-16F7-4668-BE54-9A1E7A4F7556}") = "Glo Tests", "Formats\Glo\Glo Tests\Glo Tests.csproj", "{3071C4CC-A1CE-4211-9612-C366AA0CCE3D}"
EndProject
Project("{9A19103F-16F7-4668-BE54-9A1E7A4F7556}") = "Granny3d", "Libraries\Granny3d\Granny3d.csproj", "{45DDB2A3-3AC0-43A9-AA11-F93FF020B218}"
EndProject
Project("{9A19103F-16F7-4668-BE54-9A1E7A4F7556}") = "Gx", "Libraries\Gx\Gx\Gx.csproj", "{C606A58F-1C67-45A7-A61F-045F8DE9E665}"
EndProject
Project("{2150E333-8FDC-42A3-9474-1A3956D46DE8}") = "JSystem", "JSystem", "{AEE48E38-BDEF-46C4-BD09-ED5079DB4D2E}"
EndProject
Project("{9A19103F-16F7-4668-BE54-9A1E7A4F7556}") = "JSystem", "Libraries\JSystem\JSystem\JSystem.csproj", "{E794C24F-B285-4BBD-9388-35382AB1A1B4}"
	ProjectSection(ProjectDependencies) = postProject
		{48B6183A-CF51-42A4-889E-A75DA704D71D} = {48B6183A-CF51-42A4-889E-A75DA704D71D}
	EndProjectSection
EndProject
Project("{9A19103F-16F7-4668-BE54-9A1E7A4F7556}") = "JSystem Tests", "Libraries\JSystem\JSystem Tests\JSystem Tests.csproj", "{E1E5CE5B-9A89-474F-850E-EAAB09230E5F}"
EndProject
Project("{2150E333-8FDC-42A3-9474-1A3956D46DE8}") = "Level5", "Level5", "{6256208A-B872-4603-91AA-C79FB8F16EBB}"
EndProject
Project("{9A19103F-16F7-4668-BE54-9A1E7A4F7556}") = "Level5", "Libraries\Level5\Level5\Level5.csproj", "{B4CB58D2-BDC9-4A3D-AD52-1E5C5FE565FF}"
EndProject
Project("{9A19103F-16F7-4668-BE54-9A1E7A4F7556}") = "Level5 Tests", "Libraries\Level5\Level5 Tests\Level5 Tests.csproj", "{F4186339-6985-4767-83F6-371177697B5A}"
EndProject
Project("{2150E333-8FDC-42A3-9474-1A3956D46DE8}") = "Mdl", "Mdl", "{C6C402EB-F060-4DF7-83A0-B9CF370C665D}"
EndProject
Project("{9A19103F-16F7-4668-BE54-9A1E7A4F7556}") = "Mdl", "Formats\Mdl\Mdl\Mdl.csproj", "{77A98319-4B8B-4326-BB9B-37E25FAFC187}"
EndProject
Project("{2150E333-8FDC-42A3-9474-1A3956D46DE8}") = "BattalionWars", "BattalionWars", "{CABF7879-B01D-4612-BD24-64D33650F137}"
EndProject
Project("{9A19103F-16F7-4668-BE54-9A1E7A4F7556}") = "BattalionWars", "Games\BattalionWars\BattalionWars\BattalionWars.csproj", "{0077C934-E53D-4881-83B6-011D2F080FB9}"
EndProject
Project("{9A19103F-16F7-4668-BE54-9A1E7A4F7556}") = "BattalionWars Tests", "Games\BattalionWars\BattalionWars Tests\BattalionWars Tests.csproj", "{5F095A1B-B21B-4208-A87E-D72C3D3DBFFC}"
EndProject
Project("{2150E333-8FDC-42A3-9474-1A3956D46DE8}") = "Nitro", "Nitro", "{720F6EAF-8C2B-471C-9571-A71044440467}"
EndProject
Project("{9A19103F-16F7-4668-BE54-9A1E7A4F7556}") = "Nitro", "Libraries\Nitro\Nitro\Nitro.csproj", "{20E1DCC7-4798-460A-964B-E0D0780AD16B}"
EndProject
Project("{2150E333-8FDC-42A3-9474-1A3956D46DE8}") = "VisceralGames", "VisceralGames", "{16E172B0-48E0-4F15-80E0-36A69EAE5876}"
EndProject
Project("{9A19103F-16F7-4668-BE54-9A1E7A4F7556}") = "VisceralGames", "Libraries\VisceralGames\VisceralGames\VisceralGames.csproj", "{81FDE95E-2E17-4B16-8CD7-8104BAEC39FC}"
EndProject
Project("{9A19103F-16F7-4668-BE54-9A1E7A4F7556}") = "VisceralGames Tests", "Libraries\VisceralGames\VisceralGames Tests\VisceralGames Tests.csproj", "{4A26CA2D-CA84-475A-906A-FDDADFEA2705}"
EndProject
Project("{9A19103F-16F7-4668-BE54-9A1E7A4F7556}") = "AngelStudios", "Libraries\AngelStudios\AngelStudios.csproj", "{D56EF0D4-DE4A-43E7-8888-972CF9D278C6}"
EndProject
Project("{2150E333-8FDC-42A3-9474-1A3956D46DE8}") = "Games", "Games", "{B0CB1025-E553-478F-AB51-B6D44312A46B}"
EndProject
Project("{9A19103F-16F7-4668-BE54-9A1E7A4F7556}") = "BanjoKazooie", "Games\BanjoKazooie\BanjoKazooie.csproj", "{BCFEB85F-BAF2-4E49-BCC0-798308A3C37E}"
EndProject
Project("{2150E333-8FDC-42A3-9474-1A3956D46DE8}") = "HaloWars", "HaloWars", "{03F66C13-3F83-44C1-8968-CF7589D48D59}"
EndProject
Project("{9A19103F-16F7-4668-BE54-9A1E7A4F7556}") = "HaloWars", "Games\HaloWars\HaloWars\HaloWars.csproj", "{4B38BE06-C129-4406-AAA8-8185249F32C3}"
EndProject
Project("{9A19103F-16F7-4668-BE54-9A1E7A4F7556}") = "HaloWars Tests", "Games\HaloWars\HaloWars Tests\HaloWars Tests.csproj", "{5AB1E50C-65BE-4849-85A1-419A5759CF3B}"
EndProject
Project("{2150E333-8FDC-42A3-9474-1A3956D46DE8}") = "PaperMarioDirectorsCut", "PaperMarioDirectorsCut", "{8C49C6B9-EC83-435D-98F6-50C8C6300E74}"
EndProject
Project("{9A19103F-16F7-4668-BE54-9A1E7A4F7556}") = "PaperMarioDirectorsCut", "Games\PaperMarioDirectorsCut\PaperMarioDirectorsCut\PaperMarioDirectorsCut.csproj", "{EAA8D07C-2288-4ABF-8FC5-2953C16321DC}"
EndProject
Project("{2150E333-8FDC-42A3-9474-1A3956D46DE8}") = "Pikmin1", "Pikmin1", "{EB948400-DD24-4154-B73D-D4295D3FDEE8}"
EndProject
Project("{9A19103F-16F7-4668-BE54-9A1E7A4F7556}") = "Pikmin1", "Games\Pikmin1\Pikmin1\Pikmin1.csproj", "{2FE7D88B-9241-44B0-BC25-FE293EADCF59}"
	ProjectSection(ProjectDependencies) = postProject
		{48B6183A-CF51-42A4-889E-A75DA704D71D} = {48B6183A-CF51-42A4-889E-A75DA704D71D}
	EndProjectSection
EndProject
Project("{9A19103F-16F7-4668-BE54-9A1E7A4F7556}") = "Pikmin1 Tests", "Games\Pikmin1\Pikmin1 Tests\Pikmin1 Tests.csproj", "{C74782A2-6011-4A13-AC8E-85CCAB05F1C0}"
	ProjectSection(ProjectDependencies) = postProject
		{2FE7D88B-9241-44B0-BC25-FE293EADCF59} = {2FE7D88B-9241-44B0-BC25-FE293EADCF59}
		{48B6183A-CF51-42A4-889E-A75DA704D71D} = {48B6183A-CF51-42A4-889E-A75DA704D71D}
	EndProjectSection
EndProject
Project("{2150E333-8FDC-42A3-9474-1A3956D46DE8}") = "Pikmin2", "Pikmin2", "{0C244CA5-6E3A-4599-8061-4FD46EA0F761}"
EndProject
Project("{9A19103F-16F7-4668-BE54-9A1E7A4F7556}") = "Pikmin2", "Games\Pikmin2\Pikmin2\Pikmin2.csproj", "{60E4C5B3-EEA6-4632-9E28-044FC7C4419A}"
EndProject
Project("{2150E333-8FDC-42A3-9474-1A3956D46DE8}") = "SuperMario64", "SuperMario64", "{F00A8105-3678-4D79-841E-7F75D3DD7635}"
EndProject
Project("{9A19103F-16F7-4668-BE54-9A1E7A4F7556}") = "SuperMario64", "Games\SuperMario64\SuperMario64\SuperMario64.csproj", "{39CA04AC-C886-4B46-9540-99451931E8D1}"
EndProject
Project("{9A19103F-16F7-4668-BE54-9A1E7A4F7556}") = "SuperMario64 Tests", "Games\SuperMario64\SuperMario64 Tests\SuperMario64 Tests.csproj", "{1C942FA4-F392-49C5-B329-6AF432FCCC59}"
EndProject
Project("{9A19103F-16F7-4668-BE54-9A1E7A4F7556}") = "UniversalAssetTool.Ui", "UniversalAssetTool\UniversalAssetTool.Ui\UniversalAssetTool.Ui.csproj", "{E1BD983C-3981-44FC-97B3-05C7ED0975FD}"
EndProject
Project("{2150E333-8FDC-42A3-9474-1A3956D46DE8}") = "KSoft", "KSoft", "{76CBBE5D-17AD-4C54-A2C4-C6A715C4677B}"
EndProject
Project("{9A19103F-16F7-4668-BE54-9A1E7A4F7556}") = "KSoft.Phoenix", "Games\HaloWars\KSoft\KSoft.Phoenix\KSoft.Phoenix.csproj", "{3FD3A05A-4451-49D1-B38E-B897F3444754}"
EndProject
Project("{9A19103F-16F7-4668-BE54-9A1E7A4F7556}") = "KSoft", "Games\HaloWars\KSoft\KSoft\KSoft.csproj", "{EB07F515-E27C-4768-8BD8-2829F657807E}"
EndProject
Project("{9A19103F-16F7-4668-BE54-9A1E7A4F7556}") = "KSoft.Compression", "Games\HaloWars\KSoft\KSoft.Compression\KSoft.Compression.csproj", "{0B27603C-CEB1-4A3A-B56F-CBC14B8C06E7}"
EndProject
Project("{9A19103F-16F7-4668-BE54-9A1E7A4F7556}") = "KSoft.IO.TagElementStreams", "Games\HaloWars\KSoft\KSoft.IO.TagElementStreams\KSoft.IO.TagElementStreams.csproj", "{18F32228-8351-4F99-992F-78E9D1CE83D9}"
EndProject
Project("{9A19103F-16F7-4668-BE54-9A1E7A4F7556}") = "KSoft.Security", "Games\HaloWars\KSoft\KSoft.Security\KSoft.Security.csproj", "{0632A00B-DE9E-4350-A3F8-3A82F9C780AF}"
EndProject
Project("{9A19103F-16F7-4668-BE54-9A1E7A4F7556}") = "KSoft.Math", "Games\HaloWars\KSoft\KSoft.Math\KSoft.Math.csproj", "{423F13FC-DA0C-4C82-B75E-60A1BFEA7BB6}"
EndProject
Project("{9A19103F-16F7-4668-BE54-9A1E7A4F7556}") = "KSoft.T4", "Games\HaloWars\KSoft\KSoft.T4\KSoft.T4.csproj", "{17AB134C-9C71-4CCF-84D9-D90F6DD58A0A}"
EndProject
Project("{9A19103F-16F7-4668-BE54-9A1E7A4F7556}") = "KSoft.Wwise", "Games\HaloWars\KSoft\KSoft.Wwise\KSoft.Wwise.csproj", "{BDDEC955-6D39-4058-92E5-F1BF170F860F}"
EndProject
Project("{2150E333-8FDC-42A3-9474-1A3956D46DE8}") = "TimeSplitters2", "TimeSplitters2", "{815EAFB8-AD7E-44F9-B1A1-2D7BB75A3882}"
EndProject
Project("{9A19103F-16F7-4668-BE54-9A1E7A4F7556}") = "TimeSplitters2", "Games\TimeSplitters2\TimeSplitters2\TimeSplitters2.csproj", "{88809E1C-ECE6-4480-BD63-2E6835870312}"
EndProject
Project("{9A19103F-16F7-4668-BE54-9A1E7A4F7556}") = "UniversalAssetTool.Ui.Avalonia", "UniversalAssetTool\UniversalAssetTool.Ui.Avalonia\UniversalAssetTool.Ui.Avalonia.csproj", "{CA9A5ACF-1E46-45D8-9FE6-FE259658B92A}"
EndProject
Project("{9A19103F-16F7-4668-BE54-9A1E7A4F7556}") = "UniversalAssetTool.Ui.Avalonia.Desktop", "UniversalAssetTool\UniversalAssetTool.Ui.Avalonia.Desktop\UniversalAssetTool.Ui.Avalonia.Desktop.csproj", "{839F0CF0-2994-408C-9168-2B9501EF0EC6}"
EndProject
Project("{2150E333-8FDC-42A3-9474-1A3956D46DE8}") = "PaperMarioTheThousandYearDoor", "PaperMarioTheThousandYearDoor", "{184EC62B-AEFD-4FCD-8EE8-4DB6D430AA16}"
EndProject
Project("{9A19103F-16F7-4668-BE54-9A1E7A4F7556}") = "PaperMarioTheThousandYearDoor", "Games\PaperMarioTheThousandYearDoor\PaperMarioTheThousandYearDoor\PaperMarioTheThousandYearDoor.csproj", "{248825D6-0B3D-4889-A486-F22B7C6F537B}"
EndProject
Project("{9A19103F-16F7-4668-BE54-9A1E7A4F7556}") = "PaperMarioTheThousandYearDoor Tests", "Games\PaperMarioTheThousandYearDoor\PaperMarioTheThousandYearDoor Tests\PaperMarioTheThousandYearDoor Tests.csproj", "{9E85307D-2894-4C27-A582-2DAAF3E864A3}"
EndProject
Project("{9A19103F-16F7-4668-BE54-9A1E7A4F7556}") = "PaperMarioDirectorsCut Tests", "Games\PaperMarioDirectorsCut\PaperMarioDirectorsCut Tests\PaperMarioDirectorsCut Tests.csproj", "{4E7CA5F9-BDB7-4877-9358-B408B49A746A}"
EndProject
Project("{2150E333-8FDC-42A3-9474-1A3956D46DE8}") = "Ssm", "Ssm", "{258A6213-4C7C-4EDE-960E-DC48711B0655}"
EndProject
Project("{9A19103F-16F7-4668-BE54-9A1E7A4F7556}") = "Ssm", "Formats\Ssm\Ssm\Ssm.csproj", "{F0F16AE1-2D86-4EF5-99E7-B11F18552470}"
EndProject
Project("{2150E333-8FDC-42A3-9474-1A3956D46DE8}") = "Vrml", "Vrml", "{E3F62F68-3190-41E3-B122-0D4CFBC8E5D4}"
EndProject
Project("{9A19103F-16F7-4668-BE54-9A1E7A4F7556}") = "Vrml", "Formats\Vrml\Vrml\Vrml.csproj", "{CD1BA42A-D2AF-4447-835F-56A591EC50B2}"
EndProject
Project("{9A19103F-16F7-4668-BE54-9A1E7A4F7556}") = "Vrml Tests", "Formats\Vrml\Vrml Tests\Vrml Tests.csproj", "{415F55BE-7804-448E-A5D7-42B1DD73FD71}"
EndProject
Project("{2150E333-8FDC-42A3-9474-1A3956D46DE8}") = "Libraries", "Libraries", "{10A1E3E0-0E8F-495E-B38B-B678BFBBF043}"
EndProject
Project("{FAE04EC0-301F-11D3-BF4B-00C04F79EFBC}") = "RollingMadness3d", "Games\RollingMadness3d\RollingMadness3d\RollingMadness3d.csproj", "{7E7898D3-BA81-41C8-95F5-C7A5266C1392}"
EndProject
Project("{2150E333-8FDC-42A3-9474-1A3956D46DE8}") = "Brres", "Brres", "{6A9BD73D-0443-491E-BC65-9656F197571F}"
EndProject
Project("{FAE04EC0-301F-11D3-BF4B-00C04F79EFBC}") = "Brres", "Formats\Brres\Brres\Brres.csproj", "{BB25DCC2-44E0-4CD7-B666-3BC2CD3EB650}"
EndProject
Project("{FAE04EC0-301F-11D3-BF4B-00C04F79EFBC}") = "Fin.Compression", "Fin\Fin.Compression\Fin.Compression.csproj", "{01B2C0BD-02AA-4273-8277-8D3016D7A738}"
EndProject
Project("{FAE04EC0-301F-11D3-BF4B-00C04F79EFBC}") = "Fin.Compression Tests", "Fin\Fin.Compression Tests\Fin.Compression Tests.csproj", "{A5BE17A0-2910-4791-90AC-74FA8A924E48}"
EndProject
Project("{2150E333-8FDC-42A3-9474-1A3956D46DE8}") = "SuperMario64Ds", "SuperMario64Ds", "{91C3A331-DF44-460C-AAD5-630363481C44}"
EndProject
Project("{FAE04EC0-301F-11D3-BF4B-00C04F79EFBC}") = "SuperMario64Ds", "Games\SuperMario64Ds\SuperMario64Ds\SuperMario64Ds.csproj", "{FCCC4454-013C-46CD-9F7F-49857235286D}"
EndProject
Project("{FAE04EC0-301F-11D3-BF4B-00C04F79EFBC}") = "UniversalAssetTool.Ui.Avalonia Tests", "UniversalAssetTool\UniversalAssetTool.Ui.Avalonia Tests\UniversalAssetTool.Ui.Avalonia Tests.csproj", "{A63D18F7-8CCC-41FF-99FB-15F4838DF49E}"
EndProject
Project("{FAE04EC0-301F-11D3-BF4B-00C04F79EFBC}") = "UniversalAssetTool.Godot", "UniversalAssetTool\UniversalAssetTool.Godot\UniversalAssetTool.Godot.csproj", "{2914A7A9-1A78-47DD-A758-642A7B176DE9}"
EndProject
Project("{2150E333-8FDC-42A3-9474-1A3956D46DE8}") = "GameMaker", "GameMaker", "{8596ABA9-C1F0-4C7F-B026-B22A319D0032}"
EndProject
Project("{FAE04EC0-301F-11D3-BF4B-00C04F79EFBC}") = "GameMaker", "Libraries\GameMaker\GameMaker\GameMaker.csproj", "{7B2A0C05-5077-44B0-8AB2-A9CC69B6288B}"
EndProject
Project("{FAE04EC0-301F-11D3-BF4B-00C04F79EFBC}") = "GameMaker Tests", "Libraries\GameMaker\GameMaker Tests\GameMaker Tests.csproj", "{3EF5ACBF-08F7-4240-8891-72D288A956ED}"
EndProject
Project("{FAE04EC0-301F-11D3-BF4B-00C04F79EFBC}") = "QuickFont", "QuickFont\QuickFont.csproj", "{69C48554-5070-4D02-9BCE-E50200A87112}"
EndProject
Project("{2150E333-8FDC-42A3-9474-1A3956D46DE8}") = "Godot", "Godot", "{4DBBB8B5-E5D4-42CA-A816-49E16F2BB714}"
EndProject
Project("{2150E333-8FDC-42A3-9474-1A3956D46DE8}") = "Unity", "Unity", "{36AF0D2C-60C6-42C4-BD56-682C2728A07C}"
EndProject
Project("{2150E333-8FDC-42A3-9474-1A3956D46DE8}") = "SonicAdventure", "SonicAdventure", "{86432717-40F7-43A7-BFD4-5CFEF93DFD26}"
EndProject
Project("{FAE04EC0-301F-11D3-BF4B-00C04F79EFBC}") = "SonicAdventure", "Games\SonicAdventure\SonicAdventure\SonicAdventure.csproj", "{815F39C9-75EB-40E9-A798-86DBE370B0E3}"
EndProject
Project("{FAE04EC0-301F-11D3-BF4B-00C04F79EFBC}") = "SuperMario64Ds Tests", "Games\SuperMario64Ds\SuperMario64Ds Tests\SuperMario64Ds Tests.csproj", "{6FF7BA9D-9FEA-4968-B9BA-243353B40CC8}"
EndProject
Project("{2150E333-8FDC-42A3-9474-1A3956D46DE8}") = "MarioKartDoubleDash", "MarioKartDoubleDash", "{303E0960-D3E5-40C8-A597-427EE01CDBDA}"
EndProject
Project("{FAE04EC0-301F-11D3-BF4B-00C04F79EFBC}") = "MarioKartDoubleDash", "Games\MarioKartDoubleDash\MarioKartDoubleDash\MarioKartDoubleDash.csproj", "{CE89BC7F-4A96-4764-9A11-AB56B487BBE9}"
EndProject
Project("{2150E333-8FDC-42A3-9474-1A3956D46DE8}") = "FromSoftware", "FromSoftware", "{057BBA40-C9CA-4680-8F0B-DF298E8D07C1}"
EndProject
Project("{FAE04EC0-301F-11D3-BF4B-00C04F79EFBC}") = "FromSoftware", "Libraries\FromSoftware\FromSoftware\FromSoftware.csproj", "{A85ABAC9-39FE-48DA-B1C4-AFFF3EF90708}"
EndProject
Project("{2150E333-8FDC-42A3-9474-1A3956D46DE8}") = "Celeste64", "Celeste64", "{23C038F8-F65B-4FE0-BBF2-EF599BF6D461}"
EndProject
Project("{FAE04EC0-301F-11D3-BF4B-00C04F79EFBC}") = "Celeste64", "Games\Celeste64\Celeste64\Celeste64.csproj", "{327A01DE-F51A-4D18-8396-B92DCB353EB6}"
EndProject
Project("{2150E333-8FDC-42A3-9474-1A3956D46DE8}") = "F3dzex2", "F3dzex2", "{02EA681E-C7D8-13C7-8484-4AC65E1B71E8}"
EndProject
Project("{2150E333-8FDC-42A3-9474-1A3956D46DE8}") = "AngelStudios", "AngelStudios", "{EBBF498C-4EC4-42B4-9AC1-349C274AAE03}"
EndProject
Project("{2150E333-8FDC-42A3-9474-1A3956D46DE8}") = "Granny3d", "Granny3d", "{D906D792-9B8B-4C3F-8A8E-C8DB11304C45}"
EndProject
Project("{2150E333-8FDC-42A3-9474-1A3956D46DE8}") = "Gx", "Gx", "{9142AFCE-BF2A-46E5-A4EC-680E0BA65ED3}"
EndProject
Project("{FAE04EC0-301F-11D3-BF4B-00C04F79EFBC}") = "Celeste64 Tests", "Games\Celeste64\Celeste64 Tests\Celeste64 Tests.csproj", "{F80620BF-511A-419E-8E70-3B90DD37EA83}"
EndProject
Project("{2150E333-8FDC-42A3-9474-1A3956D46DE8}") = "RollingMadness3d", "RollingMadness3d", "{E28FE767-CBCA-4505-97DD-9E28910DADD2}"
EndProject
Project("{2150E333-8FDC-42A3-9474-1A3956D46DE8}") = "MariosPicross", "MariosPicross", "{C9B82CCD-EA7B-41F2-AEFB-A6D42B86D0FF}"
EndProject
Project("{FAE04EC0-301F-11D3-BF4B-00C04F79EFBC}") = "MariosPicross", "Games\MariosPicross\MariosPicross\MariosPicross.csproj", "{694F125D-43A2-4139-A3AC-DE5E36CE9E78}"
EndProject
Project("{2150E333-8FDC-42A3-9474-1A3956D46DE8}") = "Fmod", "Fmod", "{FC4C0A30-6505-4A04-BA64-3DCFFBB55060}"
EndProject
Project("{FAE04EC0-301F-11D3-BF4B-00C04F79EFBC}") = "Fmod", "Libraries\Fmod\Fmod\Fmod.csproj", "{8BB6A4CA-2B39-4169-BB3F-CDD1E095A241}"
EndProject
Project("{FAE04EC0-301F-11D3-BF4B-00C04F79EFBC}") = "Gx Tests", "Libraries\Gx\Gx Tests\Gx Tests.csproj", "{21D921E8-E21D-48EF-8F0E-FE9D67B931B0}"
EndProject
Project("{2150E333-8FDC-42A3-9474-1A3956D46DE8}") = "VictoryHeatRally", "VictoryHeatRally", "{39826A04-75C8-4CC0-96F2-D0BA235F2064}"
EndProject
Project("{FAE04EC0-301F-11D3-BF4B-00C04F79EFBC}") = "VictoryHeatRally", "Games\VictoryHeatRally\VictoryHeatRally\VictoryHeatRally.csproj", "{D2820CD6-A44A-45F7-8CF3-3C18431734D2}"
EndProject
Project("{FAE04EC0-301F-11D3-BF4B-00C04F79EFBC}") = "Fin.Picross", "Fin\Fin.Picross\Fin.Picross.csproj", "{BABF281F-D990-412D-A4C4-B9678910B103}"
EndProject
Project("{FAE04EC0-301F-11D3-BF4B-00C04F79EFBC}") = "Fin.Picross Tests", "Fin\Fin.Picross Tests\Fin.Picross Tests.csproj", "{82BAFE75-14F6-495A-B11B-DBB59CB7E10E}"
EndProject
Project("{2150E333-8FDC-42A3-9474-1A3956D46DE8}") = "MarioArtist", "MarioArtist", "{31EA5809-EC91-478E-B98B-941A2830439F}"
EndProject
Project("{FAE04EC0-301F-11D3-BF4B-00C04F79EFBC}") = "MarioArtist", "Games\MarioArtist\MarioArtist\MarioArtist.csproj", "{F67B03CD-06FD-4E36-A86C-DB70B1B5AD58}"
EndProject
Project("{FAE04EC0-301F-11D3-BF4B-00C04F79EFBC}") = "F3dzex2 Tests", "Libraries\F3dzex2\F3dzex2 Tests\F3dzex2 Tests.csproj", "{DC624D12-0767-4683-8D3F-BF4DDAE9668B}"
EndProject
Project("{2150E333-8FDC-42A3-9474-1A3956D46DE8}") = "MarioArtistTool", "MarioArtistTool", "{5C38743E-8E71-4E1C-985D-E99E7F405D22}"
EndProject
Project("{FAE04EC0-301F-11D3-BF4B-00C04F79EFBC}") = "MarioArtistTool", "MarioArtistTool\MarioArtistTool\MarioArtistTool.csproj", "{9D6ED1EB-723D-AF83-8B48-756CFD87DC11}"
EndProject
Project("{FAE04EC0-301F-11D3-BF4B-00C04F79EFBC}") = "MarioArtistTool.Desktop", "MarioArtistTool\MarioArtistTool.Desktop\MarioArtistTool.Desktop.csproj", "{FF73A183-ABD8-C2F8-3A31-8D7B7EFBAF2D}"
EndProject
Project("{FAE04EC0-301F-11D3-BF4B-00C04F79EFBC}") = "Fin.Ui.Avalonia", "Fin\Fin.Ui.Avalonia\Fin.Ui.Avalonia.csproj", "{0B842313-3FC7-407D-B201-7BD692517EE1}"
EndProject
Project("{FAE04EC0-301F-11D3-BF4B-00C04F79EFBC}") = "Fin.Testing", "Fin\Fin.Testing\Fin.Testing.csproj", "{AD51D0F1-70FD-4F2D-BA67-CDFDD8FDC694}"
EndProject
Project("{FAE04EC0-301F-11D3-BF4B-00C04F79EFBC}") = "ImaginaryFileSystem", "ImaginaryFileSystem\ImaginaryFileSystem.csproj", "{32A47CB2-EABC-4E59-8DC8-49D8EF060270}"
EndProject
Global
	GlobalSection(SolutionConfigurationPlatforms) = preSolution
		Debug|x64 = Debug|x64
		Debug|x86 = Debug|x86
		Release|x64 = Release|x64
		Release|x86 = Release|x86
	EndGlobalSection
	GlobalSection(ProjectConfigurationPlatforms) = postSolution
		{A0CFC24D-3C11-49F8-BF35-0ED04E82583F}.Debug|x64.ActiveCfg = Debug|x64
		{A0CFC24D-3C11-49F8-BF35-0ED04E82583F}.Debug|x64.Build.0 = Debug|x64
		{A0CFC24D-3C11-49F8-BF35-0ED04E82583F}.Debug|x86.ActiveCfg = Debug|x86
		{A0CFC24D-3C11-49F8-BF35-0ED04E82583F}.Debug|x86.Build.0 = Debug|x86
		{A0CFC24D-3C11-49F8-BF35-0ED04E82583F}.Release|x64.ActiveCfg = Release|x64
		{A0CFC24D-3C11-49F8-BF35-0ED04E82583F}.Release|x64.Build.0 = Release|x64
		{A0CFC24D-3C11-49F8-BF35-0ED04E82583F}.Release|x86.ActiveCfg = Release|x86
		{A0CFC24D-3C11-49F8-BF35-0ED04E82583F}.Release|x86.Build.0 = Release|x86
		{48B6183A-CF51-42A4-889E-A75DA704D71D}.Debug|x64.ActiveCfg = Debug|x64
		{48B6183A-CF51-42A4-889E-A75DA704D71D}.Debug|x64.Build.0 = Debug|x64
		{48B6183A-CF51-42A4-889E-A75DA704D71D}.Debug|x86.ActiveCfg = Debug|x86
		{48B6183A-CF51-42A4-889E-A75DA704D71D}.Debug|x86.Build.0 = Debug|x86
		{48B6183A-CF51-42A4-889E-A75DA704D71D}.Release|x64.ActiveCfg = Release|x64
		{48B6183A-CF51-42A4-889E-A75DA704D71D}.Release|x64.Build.0 = Release|x64
		{48B6183A-CF51-42A4-889E-A75DA704D71D}.Release|x86.ActiveCfg = Release|x86
		{48B6183A-CF51-42A4-889E-A75DA704D71D}.Release|x86.Build.0 = Release|x86
		{8D0572E4-4867-4AB4-B0C3-AE0BDDD3FEC6}.Debug|x64.ActiveCfg = Debug|x64
		{8D0572E4-4867-4AB4-B0C3-AE0BDDD3FEC6}.Debug|x64.Build.0 = Debug|x64
		{8D0572E4-4867-4AB4-B0C3-AE0BDDD3FEC6}.Debug|x86.ActiveCfg = Debug|x86
		{8D0572E4-4867-4AB4-B0C3-AE0BDDD3FEC6}.Debug|x86.Build.0 = Debug|x86
		{8D0572E4-4867-4AB4-B0C3-AE0BDDD3FEC6}.Release|x64.ActiveCfg = Release|x64
		{8D0572E4-4867-4AB4-B0C3-AE0BDDD3FEC6}.Release|x64.Build.0 = Release|x64
		{8D0572E4-4867-4AB4-B0C3-AE0BDDD3FEC6}.Release|x86.ActiveCfg = Release|x86
		{8D0572E4-4867-4AB4-B0C3-AE0BDDD3FEC6}.Release|x86.Build.0 = Release|x86
		{67376177-19DB-4684-AE31-52E98F62D363}.Debug|x64.ActiveCfg = Debug|x64
		{67376177-19DB-4684-AE31-52E98F62D363}.Debug|x64.Build.0 = Debug|x64
		{67376177-19DB-4684-AE31-52E98F62D363}.Debug|x86.ActiveCfg = Debug|x86
		{67376177-19DB-4684-AE31-52E98F62D363}.Debug|x86.Build.0 = Debug|x86
		{67376177-19DB-4684-AE31-52E98F62D363}.Release|x64.ActiveCfg = Release|x64
		{67376177-19DB-4684-AE31-52E98F62D363}.Release|x64.Build.0 = Release|x64
		{67376177-19DB-4684-AE31-52E98F62D363}.Release|x86.ActiveCfg = Release|x86
		{67376177-19DB-4684-AE31-52E98F62D363}.Release|x86.Build.0 = Release|x86
		{2FC033F8-043D-4175-BA13-B49A4DCD19B4}.Debug|x64.ActiveCfg = Debug|x64
		{2FC033F8-043D-4175-BA13-B49A4DCD19B4}.Debug|x64.Build.0 = Debug|x64
		{2FC033F8-043D-4175-BA13-B49A4DCD19B4}.Debug|x86.ActiveCfg = Debug|x86
		{2FC033F8-043D-4175-BA13-B49A4DCD19B4}.Debug|x86.Build.0 = Debug|x86
		{2FC033F8-043D-4175-BA13-B49A4DCD19B4}.Release|x64.ActiveCfg = Release|x64
		{2FC033F8-043D-4175-BA13-B49A4DCD19B4}.Release|x64.Build.0 = Release|x64
		{2FC033F8-043D-4175-BA13-B49A4DCD19B4}.Release|x86.ActiveCfg = Release|x86
		{2FC033F8-043D-4175-BA13-B49A4DCD19B4}.Release|x86.Build.0 = Release|x86
		{C8F325AF-2914-483C-B8A8-CED76E03C31E}.Debug|x64.ActiveCfg = Debug|x64
		{C8F325AF-2914-483C-B8A8-CED76E03C31E}.Debug|x64.Build.0 = Debug|x64
		{C8F325AF-2914-483C-B8A8-CED76E03C31E}.Debug|x86.ActiveCfg = Debug|x86
		{C8F325AF-2914-483C-B8A8-CED76E03C31E}.Debug|x86.Build.0 = Debug|x86
		{C8F325AF-2914-483C-B8A8-CED76E03C31E}.Release|x64.ActiveCfg = Release|x64
		{C8F325AF-2914-483C-B8A8-CED76E03C31E}.Release|x64.Build.0 = Release|x64
		{C8F325AF-2914-483C-B8A8-CED76E03C31E}.Release|x86.ActiveCfg = Release|x86
		{C8F325AF-2914-483C-B8A8-CED76E03C31E}.Release|x86.Build.0 = Release|x86
		{089C1412-5CCA-4E35-A3A9-13BB34071E8C}.Debug|x64.ActiveCfg = Debug|x64
		{089C1412-5CCA-4E35-A3A9-13BB34071E8C}.Debug|x64.Build.0 = Debug|x64
		{089C1412-5CCA-4E35-A3A9-13BB34071E8C}.Debug|x86.ActiveCfg = Debug|x86
		{089C1412-5CCA-4E35-A3A9-13BB34071E8C}.Debug|x86.Build.0 = Debug|x86
		{089C1412-5CCA-4E35-A3A9-13BB34071E8C}.Release|x64.ActiveCfg = Release|x64
		{089C1412-5CCA-4E35-A3A9-13BB34071E8C}.Release|x64.Build.0 = Release|x64
		{089C1412-5CCA-4E35-A3A9-13BB34071E8C}.Release|x86.ActiveCfg = Release|x86
		{089C1412-5CCA-4E35-A3A9-13BB34071E8C}.Release|x86.Build.0 = Release|x86
		{78881F67-0F9D-47E4-9FD3-DCDEC4E0BEEE}.Debug|x64.ActiveCfg = Debug|x64
		{78881F67-0F9D-47E4-9FD3-DCDEC4E0BEEE}.Debug|x64.Build.0 = Debug|x64
		{78881F67-0F9D-47E4-9FD3-DCDEC4E0BEEE}.Debug|x86.ActiveCfg = Debug|x86
		{78881F67-0F9D-47E4-9FD3-DCDEC4E0BEEE}.Debug|x86.Build.0 = Debug|x86
		{78881F67-0F9D-47E4-9FD3-DCDEC4E0BEEE}.Release|x64.ActiveCfg = Release|x64
		{78881F67-0F9D-47E4-9FD3-DCDEC4E0BEEE}.Release|x64.Build.0 = Release|x64
		{78881F67-0F9D-47E4-9FD3-DCDEC4E0BEEE}.Release|x86.ActiveCfg = Release|x86
		{78881F67-0F9D-47E4-9FD3-DCDEC4E0BEEE}.Release|x86.Build.0 = Release|x86
		{C0718D40-6D24-49F4-A30D-55B14078A0A1}.Debug|x64.ActiveCfg = Debug|x64
		{C0718D40-6D24-49F4-A30D-55B14078A0A1}.Debug|x64.Build.0 = Debug|x64
		{C0718D40-6D24-49F4-A30D-55B14078A0A1}.Debug|x86.ActiveCfg = Debug|x86
		{C0718D40-6D24-49F4-A30D-55B14078A0A1}.Debug|x86.Build.0 = Debug|x86
		{C0718D40-6D24-49F4-A30D-55B14078A0A1}.Release|x64.ActiveCfg = Release|x64
		{C0718D40-6D24-49F4-A30D-55B14078A0A1}.Release|x64.Build.0 = Release|x64
		{C0718D40-6D24-49F4-A30D-55B14078A0A1}.Release|x86.ActiveCfg = Release|x86
		{C0718D40-6D24-49F4-A30D-55B14078A0A1}.Release|x86.Build.0 = Release|x86
		{DE4EC779-18FF-44DB-94AE-1A38CD497EC5}.Debug|x64.ActiveCfg = Debug|x64
		{DE4EC779-18FF-44DB-94AE-1A38CD497EC5}.Debug|x64.Build.0 = Debug|x64
		{DE4EC779-18FF-44DB-94AE-1A38CD497EC5}.Debug|x86.ActiveCfg = Debug|x86
		{DE4EC779-18FF-44DB-94AE-1A38CD497EC5}.Debug|x86.Build.0 = Debug|x86
		{DE4EC779-18FF-44DB-94AE-1A38CD497EC5}.Release|x64.ActiveCfg = Release|x64
		{DE4EC779-18FF-44DB-94AE-1A38CD497EC5}.Release|x64.Build.0 = Release|x64
		{DE4EC779-18FF-44DB-94AE-1A38CD497EC5}.Release|x86.ActiveCfg = Release|x86
		{DE4EC779-18FF-44DB-94AE-1A38CD497EC5}.Release|x86.Build.0 = Release|x86
		{7F57B864-05CB-4488-A798-0FC08D9F62B2}.Debug|x64.ActiveCfg = Debug|x64
		{7F57B864-05CB-4488-A798-0FC08D9F62B2}.Debug|x64.Build.0 = Debug|x64
		{7F57B864-05CB-4488-A798-0FC08D9F62B2}.Debug|x86.ActiveCfg = Debug|x86
		{7F57B864-05CB-4488-A798-0FC08D9F62B2}.Debug|x86.Build.0 = Debug|x86
		{7F57B864-05CB-4488-A798-0FC08D9F62B2}.Release|x64.ActiveCfg = Release|x64
		{7F57B864-05CB-4488-A798-0FC08D9F62B2}.Release|x64.Build.0 = Release|x64
		{7F57B864-05CB-4488-A798-0FC08D9F62B2}.Release|x86.ActiveCfg = Release|x86
		{7F57B864-05CB-4488-A798-0FC08D9F62B2}.Release|x86.Build.0 = Release|x86
		{288E57B9-4D50-42D9-89C7-51A730B0C46A}.Debug|x64.ActiveCfg = Debug|x64
		{288E57B9-4D50-42D9-89C7-51A730B0C46A}.Debug|x64.Build.0 = Debug|x64
		{288E57B9-4D50-42D9-89C7-51A730B0C46A}.Debug|x86.ActiveCfg = Debug|x86
		{288E57B9-4D50-42D9-89C7-51A730B0C46A}.Debug|x86.Build.0 = Debug|x86
		{288E57B9-4D50-42D9-89C7-51A730B0C46A}.Release|x64.ActiveCfg = Release|x64
		{288E57B9-4D50-42D9-89C7-51A730B0C46A}.Release|x64.Build.0 = Release|x64
		{288E57B9-4D50-42D9-89C7-51A730B0C46A}.Release|x86.ActiveCfg = Release|x86
		{288E57B9-4D50-42D9-89C7-51A730B0C46A}.Release|x86.Build.0 = Release|x86
		{E97647AB-CDFF-4DDA-A516-79AF2CAEEB59}.Debug|x64.ActiveCfg = Debug|x64
		{E97647AB-CDFF-4DDA-A516-79AF2CAEEB59}.Debug|x64.Build.0 = Debug|x64
		{E97647AB-CDFF-4DDA-A516-79AF2CAEEB59}.Debug|x86.ActiveCfg = Debug|x86
		{E97647AB-CDFF-4DDA-A516-79AF2CAEEB59}.Debug|x86.Build.0 = Debug|x86
		{E97647AB-CDFF-4DDA-A516-79AF2CAEEB59}.Release|x64.ActiveCfg = Release|x64
		{E97647AB-CDFF-4DDA-A516-79AF2CAEEB59}.Release|x64.Build.0 = Release|x64
		{E97647AB-CDFF-4DDA-A516-79AF2CAEEB59}.Release|x86.ActiveCfg = Release|x86
		{E97647AB-CDFF-4DDA-A516-79AF2CAEEB59}.Release|x86.Build.0 = Release|x86
		{272EA254-6413-4CB0-9A7A-937167BEBE3A}.Debug|x64.ActiveCfg = Debug|x64
		{272EA254-6413-4CB0-9A7A-937167BEBE3A}.Debug|x64.Build.0 = Debug|x64
		{272EA254-6413-4CB0-9A7A-937167BEBE3A}.Debug|x86.ActiveCfg = Debug|x86
		{272EA254-6413-4CB0-9A7A-937167BEBE3A}.Debug|x86.Build.0 = Debug|x86
		{272EA254-6413-4CB0-9A7A-937167BEBE3A}.Release|x64.ActiveCfg = Release|x64
		{272EA254-6413-4CB0-9A7A-937167BEBE3A}.Release|x64.Build.0 = Release|x64
		{272EA254-6413-4CB0-9A7A-937167BEBE3A}.Release|x86.ActiveCfg = Release|x86
		{272EA254-6413-4CB0-9A7A-937167BEBE3A}.Release|x86.Build.0 = Release|x86
		{439E4AFB-51BD-4F54-B6FA-E20A06E29D6F}.Debug|x64.ActiveCfg = Debug|x64
		{439E4AFB-51BD-4F54-B6FA-E20A06E29D6F}.Debug|x64.Build.0 = Debug|x64
		{439E4AFB-51BD-4F54-B6FA-E20A06E29D6F}.Debug|x86.ActiveCfg = Debug|x86
		{439E4AFB-51BD-4F54-B6FA-E20A06E29D6F}.Debug|x86.Build.0 = Debug|x86
		{439E4AFB-51BD-4F54-B6FA-E20A06E29D6F}.Release|x64.ActiveCfg = Release|x64
		{439E4AFB-51BD-4F54-B6FA-E20A06E29D6F}.Release|x64.Build.0 = Release|x64
		{439E4AFB-51BD-4F54-B6FA-E20A06E29D6F}.Release|x86.ActiveCfg = Release|x86
		{439E4AFB-51BD-4F54-B6FA-E20A06E29D6F}.Release|x86.Build.0 = Release|x86
		{A5EB1658-A4ED-4AD0-BAEB-917A74D9D180}.Debug|x64.ActiveCfg = Debug|x64
		{A5EB1658-A4ED-4AD0-BAEB-917A74D9D180}.Debug|x64.Build.0 = Debug|x64
		{A5EB1658-A4ED-4AD0-BAEB-917A74D9D180}.Debug|x86.ActiveCfg = Debug|x86
		{A5EB1658-A4ED-4AD0-BAEB-917A74D9D180}.Debug|x86.Build.0 = Debug|x86
		{A5EB1658-A4ED-4AD0-BAEB-917A74D9D180}.Release|x64.ActiveCfg = Release|x64
		{A5EB1658-A4ED-4AD0-BAEB-917A74D9D180}.Release|x64.Build.0 = Release|x64
		{A5EB1658-A4ED-4AD0-BAEB-917A74D9D180}.Release|x86.ActiveCfg = Release|x86
		{A5EB1658-A4ED-4AD0-BAEB-917A74D9D180}.Release|x86.Build.0 = Release|x86
		{3071C4CC-A1CE-4211-9612-C366AA0CCE3D}.Debug|x64.ActiveCfg = Debug|x64
		{3071C4CC-A1CE-4211-9612-C366AA0CCE3D}.Debug|x64.Build.0 = Debug|x64
		{3071C4CC-A1CE-4211-9612-C366AA0CCE3D}.Debug|x86.ActiveCfg = Debug|x86
		{3071C4CC-A1CE-4211-9612-C366AA0CCE3D}.Debug|x86.Build.0 = Debug|x86
		{3071C4CC-A1CE-4211-9612-C366AA0CCE3D}.Release|x64.ActiveCfg = Release|x64
		{3071C4CC-A1CE-4211-9612-C366AA0CCE3D}.Release|x64.Build.0 = Release|x64
		{3071C4CC-A1CE-4211-9612-C366AA0CCE3D}.Release|x86.ActiveCfg = Release|x86
		{3071C4CC-A1CE-4211-9612-C366AA0CCE3D}.Release|x86.Build.0 = Release|x86
		{45DDB2A3-3AC0-43A9-AA11-F93FF020B218}.Debug|x64.ActiveCfg = Debug|x64
		{45DDB2A3-3AC0-43A9-AA11-F93FF020B218}.Debug|x64.Build.0 = Debug|x64
		{45DDB2A3-3AC0-43A9-AA11-F93FF020B218}.Debug|x86.ActiveCfg = Debug|x86
		{45DDB2A3-3AC0-43A9-AA11-F93FF020B218}.Debug|x86.Build.0 = Debug|x86
		{45DDB2A3-3AC0-43A9-AA11-F93FF020B218}.Release|x64.ActiveCfg = Release|x64
		{45DDB2A3-3AC0-43A9-AA11-F93FF020B218}.Release|x64.Build.0 = Release|x64
		{45DDB2A3-3AC0-43A9-AA11-F93FF020B218}.Release|x86.ActiveCfg = Release|x86
		{45DDB2A3-3AC0-43A9-AA11-F93FF020B218}.Release|x86.Build.0 = Release|x86
		{C606A58F-1C67-45A7-A61F-045F8DE9E665}.Debug|x64.ActiveCfg = Debug|x64
		{C606A58F-1C67-45A7-A61F-045F8DE9E665}.Debug|x64.Build.0 = Debug|x64
		{C606A58F-1C67-45A7-A61F-045F8DE9E665}.Debug|x86.ActiveCfg = Debug|x86
		{C606A58F-1C67-45A7-A61F-045F8DE9E665}.Debug|x86.Build.0 = Debug|x86
		{C606A58F-1C67-45A7-A61F-045F8DE9E665}.Release|x64.ActiveCfg = Release|x64
		{C606A58F-1C67-45A7-A61F-045F8DE9E665}.Release|x64.Build.0 = Release|x64
		{C606A58F-1C67-45A7-A61F-045F8DE9E665}.Release|x86.ActiveCfg = Release|x86
		{C606A58F-1C67-45A7-A61F-045F8DE9E665}.Release|x86.Build.0 = Release|x86
		{E794C24F-B285-4BBD-9388-35382AB1A1B4}.Debug|x64.ActiveCfg = Debug|x64
		{E794C24F-B285-4BBD-9388-35382AB1A1B4}.Debug|x64.Build.0 = Debug|x64
		{E794C24F-B285-4BBD-9388-35382AB1A1B4}.Debug|x86.ActiveCfg = Debug|x86
		{E794C24F-B285-4BBD-9388-35382AB1A1B4}.Debug|x86.Build.0 = Debug|x86
		{E794C24F-B285-4BBD-9388-35382AB1A1B4}.Release|x64.ActiveCfg = Release|x64
		{E794C24F-B285-4BBD-9388-35382AB1A1B4}.Release|x64.Build.0 = Release|x64
		{E794C24F-B285-4BBD-9388-35382AB1A1B4}.Release|x86.ActiveCfg = Release|x86
		{E794C24F-B285-4BBD-9388-35382AB1A1B4}.Release|x86.Build.0 = Release|x86
		{E1E5CE5B-9A89-474F-850E-EAAB09230E5F}.Debug|x64.ActiveCfg = Debug|x64
		{E1E5CE5B-9A89-474F-850E-EAAB09230E5F}.Debug|x64.Build.0 = Debug|x64
		{E1E5CE5B-9A89-474F-850E-EAAB09230E5F}.Debug|x86.ActiveCfg = Debug|x86
		{E1E5CE5B-9A89-474F-850E-EAAB09230E5F}.Debug|x86.Build.0 = Debug|x86
		{E1E5CE5B-9A89-474F-850E-EAAB09230E5F}.Release|x64.ActiveCfg = Release|x64
		{E1E5CE5B-9A89-474F-850E-EAAB09230E5F}.Release|x64.Build.0 = Release|x64
		{E1E5CE5B-9A89-474F-850E-EAAB09230E5F}.Release|x86.ActiveCfg = Release|x86
		{E1E5CE5B-9A89-474F-850E-EAAB09230E5F}.Release|x86.Build.0 = Release|x86
		{B4CB58D2-BDC9-4A3D-AD52-1E5C5FE565FF}.Debug|x64.ActiveCfg = Debug|x64
		{B4CB58D2-BDC9-4A3D-AD52-1E5C5FE565FF}.Debug|x64.Build.0 = Debug|x64
		{B4CB58D2-BDC9-4A3D-AD52-1E5C5FE565FF}.Debug|x86.ActiveCfg = Debug|x86
		{B4CB58D2-BDC9-4A3D-AD52-1E5C5FE565FF}.Debug|x86.Build.0 = Debug|x86
		{B4CB58D2-BDC9-4A3D-AD52-1E5C5FE565FF}.Release|x64.ActiveCfg = Release|x64
		{B4CB58D2-BDC9-4A3D-AD52-1E5C5FE565FF}.Release|x64.Build.0 = Release|x64
		{B4CB58D2-BDC9-4A3D-AD52-1E5C5FE565FF}.Release|x86.ActiveCfg = Release|x86
		{B4CB58D2-BDC9-4A3D-AD52-1E5C5FE565FF}.Release|x86.Build.0 = Release|x86
		{F4186339-6985-4767-83F6-371177697B5A}.Debug|x64.ActiveCfg = Debug|x64
		{F4186339-6985-4767-83F6-371177697B5A}.Debug|x64.Build.0 = Debug|x64
		{F4186339-6985-4767-83F6-371177697B5A}.Debug|x86.ActiveCfg = Debug|x86
		{F4186339-6985-4767-83F6-371177697B5A}.Debug|x86.Build.0 = Debug|x86
		{F4186339-6985-4767-83F6-371177697B5A}.Release|x64.ActiveCfg = Release|x64
		{F4186339-6985-4767-83F6-371177697B5A}.Release|x64.Build.0 = Release|x64
		{F4186339-6985-4767-83F6-371177697B5A}.Release|x86.ActiveCfg = Release|x86
		{F4186339-6985-4767-83F6-371177697B5A}.Release|x86.Build.0 = Release|x86
		{77A98319-4B8B-4326-BB9B-37E25FAFC187}.Debug|x64.ActiveCfg = Debug|x64
		{77A98319-4B8B-4326-BB9B-37E25FAFC187}.Debug|x64.Build.0 = Debug|x64
		{77A98319-4B8B-4326-BB9B-37E25FAFC187}.Debug|x86.ActiveCfg = Debug|x86
		{77A98319-4B8B-4326-BB9B-37E25FAFC187}.Debug|x86.Build.0 = Debug|x86
		{77A98319-4B8B-4326-BB9B-37E25FAFC187}.Release|x64.ActiveCfg = Release|x64
		{77A98319-4B8B-4326-BB9B-37E25FAFC187}.Release|x64.Build.0 = Release|x64
		{77A98319-4B8B-4326-BB9B-37E25FAFC187}.Release|x86.ActiveCfg = Release|x86
		{77A98319-4B8B-4326-BB9B-37E25FAFC187}.Release|x86.Build.0 = Release|x86
		{0077C934-E53D-4881-83B6-011D2F080FB9}.Debug|x64.ActiveCfg = Debug|x64
		{0077C934-E53D-4881-83B6-011D2F080FB9}.Debug|x64.Build.0 = Debug|x64
		{0077C934-E53D-4881-83B6-011D2F080FB9}.Debug|x86.ActiveCfg = Debug|x86
		{0077C934-E53D-4881-83B6-011D2F080FB9}.Debug|x86.Build.0 = Debug|x86
		{0077C934-E53D-4881-83B6-011D2F080FB9}.Release|x64.ActiveCfg = Release|x64
		{0077C934-E53D-4881-83B6-011D2F080FB9}.Release|x64.Build.0 = Release|x64
		{0077C934-E53D-4881-83B6-011D2F080FB9}.Release|x86.ActiveCfg = Release|x86
		{0077C934-E53D-4881-83B6-011D2F080FB9}.Release|x86.Build.0 = Release|x86
		{5F095A1B-B21B-4208-A87E-D72C3D3DBFFC}.Debug|x64.ActiveCfg = Debug|x64
		{5F095A1B-B21B-4208-A87E-D72C3D3DBFFC}.Debug|x64.Build.0 = Debug|x64
		{5F095A1B-B21B-4208-A87E-D72C3D3DBFFC}.Debug|x86.ActiveCfg = Debug|x86
		{5F095A1B-B21B-4208-A87E-D72C3D3DBFFC}.Debug|x86.Build.0 = Debug|x86
		{5F095A1B-B21B-4208-A87E-D72C3D3DBFFC}.Release|x64.ActiveCfg = Release|x64
		{5F095A1B-B21B-4208-A87E-D72C3D3DBFFC}.Release|x64.Build.0 = Release|x64
		{5F095A1B-B21B-4208-A87E-D72C3D3DBFFC}.Release|x86.ActiveCfg = Release|x86
		{5F095A1B-B21B-4208-A87E-D72C3D3DBFFC}.Release|x86.Build.0 = Release|x86
		{20E1DCC7-4798-460A-964B-E0D0780AD16B}.Debug|x64.ActiveCfg = Debug|x64
		{20E1DCC7-4798-460A-964B-E0D0780AD16B}.Debug|x64.Build.0 = Debug|x64
		{20E1DCC7-4798-460A-964B-E0D0780AD16B}.Debug|x86.ActiveCfg = Debug|x86
		{20E1DCC7-4798-460A-964B-E0D0780AD16B}.Debug|x86.Build.0 = Debug|x86
		{20E1DCC7-4798-460A-964B-E0D0780AD16B}.Release|x64.ActiveCfg = Release|x64
		{20E1DCC7-4798-460A-964B-E0D0780AD16B}.Release|x64.Build.0 = Release|x64
		{20E1DCC7-4798-460A-964B-E0D0780AD16B}.Release|x86.ActiveCfg = Release|x86
		{20E1DCC7-4798-460A-964B-E0D0780AD16B}.Release|x86.Build.0 = Release|x86
		{81FDE95E-2E17-4B16-8CD7-8104BAEC39FC}.Debug|x64.ActiveCfg = Debug|x64
		{81FDE95E-2E17-4B16-8CD7-8104BAEC39FC}.Debug|x64.Build.0 = Debug|x64
		{81FDE95E-2E17-4B16-8CD7-8104BAEC39FC}.Debug|x86.ActiveCfg = Debug|x86
		{81FDE95E-2E17-4B16-8CD7-8104BAEC39FC}.Debug|x86.Build.0 = Debug|x86
		{81FDE95E-2E17-4B16-8CD7-8104BAEC39FC}.Release|x64.ActiveCfg = Release|x64
		{81FDE95E-2E17-4B16-8CD7-8104BAEC39FC}.Release|x64.Build.0 = Release|x64
		{81FDE95E-2E17-4B16-8CD7-8104BAEC39FC}.Release|x86.ActiveCfg = Release|x86
		{81FDE95E-2E17-4B16-8CD7-8104BAEC39FC}.Release|x86.Build.0 = Release|x86
		{4A26CA2D-CA84-475A-906A-FDDADFEA2705}.Debug|x64.ActiveCfg = Debug|x64
		{4A26CA2D-CA84-475A-906A-FDDADFEA2705}.Debug|x64.Build.0 = Debug|x64
		{4A26CA2D-CA84-475A-906A-FDDADFEA2705}.Debug|x86.ActiveCfg = Debug|x86
		{4A26CA2D-CA84-475A-906A-FDDADFEA2705}.Debug|x86.Build.0 = Debug|x86
		{4A26CA2D-CA84-475A-906A-FDDADFEA2705}.Release|x64.ActiveCfg = Release|x64
		{4A26CA2D-CA84-475A-906A-FDDADFEA2705}.Release|x64.Build.0 = Release|x64
		{4A26CA2D-CA84-475A-906A-FDDADFEA2705}.Release|x86.ActiveCfg = Release|x86
		{4A26CA2D-CA84-475A-906A-FDDADFEA2705}.Release|x86.Build.0 = Release|x86
		{D56EF0D4-DE4A-43E7-8888-972CF9D278C6}.Debug|x64.ActiveCfg = Debug|x64
		{D56EF0D4-DE4A-43E7-8888-972CF9D278C6}.Debug|x64.Build.0 = Debug|x64
		{D56EF0D4-DE4A-43E7-8888-972CF9D278C6}.Debug|x86.ActiveCfg = Debug|x86
		{D56EF0D4-DE4A-43E7-8888-972CF9D278C6}.Debug|x86.Build.0 = Debug|x86
		{D56EF0D4-DE4A-43E7-8888-972CF9D278C6}.Release|x64.ActiveCfg = Release|x64
		{D56EF0D4-DE4A-43E7-8888-972CF9D278C6}.Release|x64.Build.0 = Release|x64
		{D56EF0D4-DE4A-43E7-8888-972CF9D278C6}.Release|x86.ActiveCfg = Release|x86
		{D56EF0D4-DE4A-43E7-8888-972CF9D278C6}.Release|x86.Build.0 = Release|x86
		{BCFEB85F-BAF2-4E49-BCC0-798308A3C37E}.Debug|x64.ActiveCfg = Debug|x64
		{BCFEB85F-BAF2-4E49-BCC0-798308A3C37E}.Debug|x64.Build.0 = Debug|x64
		{BCFEB85F-BAF2-4E49-BCC0-798308A3C37E}.Debug|x86.ActiveCfg = Debug|x86
		{BCFEB85F-BAF2-4E49-BCC0-798308A3C37E}.Debug|x86.Build.0 = Debug|x86
		{BCFEB85F-BAF2-4E49-BCC0-798308A3C37E}.Release|x64.ActiveCfg = Release|x64
		{BCFEB85F-BAF2-4E49-BCC0-798308A3C37E}.Release|x64.Build.0 = Release|x64
		{BCFEB85F-BAF2-4E49-BCC0-798308A3C37E}.Release|x86.ActiveCfg = Release|x86
		{BCFEB85F-BAF2-4E49-BCC0-798308A3C37E}.Release|x86.Build.0 = Release|x86
		{4B38BE06-C129-4406-AAA8-8185249F32C3}.Debug|x64.ActiveCfg = Debug|x64
		{4B38BE06-C129-4406-AAA8-8185249F32C3}.Debug|x64.Build.0 = Debug|x64
		{4B38BE06-C129-4406-AAA8-8185249F32C3}.Debug|x86.ActiveCfg = Debug|x86
		{4B38BE06-C129-4406-AAA8-8185249F32C3}.Debug|x86.Build.0 = Debug|x86
		{4B38BE06-C129-4406-AAA8-8185249F32C3}.Release|x64.ActiveCfg = Release|x64
		{4B38BE06-C129-4406-AAA8-8185249F32C3}.Release|x64.Build.0 = Release|x64
		{4B38BE06-C129-4406-AAA8-8185249F32C3}.Release|x86.ActiveCfg = Release|x86
		{4B38BE06-C129-4406-AAA8-8185249F32C3}.Release|x86.Build.0 = Release|x86
		{5AB1E50C-65BE-4849-85A1-419A5759CF3B}.Debug|x64.ActiveCfg = Debug|x64
		{5AB1E50C-65BE-4849-85A1-419A5759CF3B}.Debug|x64.Build.0 = Debug|x64
		{5AB1E50C-65BE-4849-85A1-419A5759CF3B}.Debug|x86.ActiveCfg = Debug|x86
		{5AB1E50C-65BE-4849-85A1-419A5759CF3B}.Debug|x86.Build.0 = Debug|x86
		{5AB1E50C-65BE-4849-85A1-419A5759CF3B}.Release|x64.ActiveCfg = Release|x64
		{5AB1E50C-65BE-4849-85A1-419A5759CF3B}.Release|x64.Build.0 = Release|x64
		{5AB1E50C-65BE-4849-85A1-419A5759CF3B}.Release|x86.ActiveCfg = Release|x86
		{5AB1E50C-65BE-4849-85A1-419A5759CF3B}.Release|x86.Build.0 = Release|x86
		{EAA8D07C-2288-4ABF-8FC5-2953C16321DC}.Debug|x64.ActiveCfg = Debug|x64
		{EAA8D07C-2288-4ABF-8FC5-2953C16321DC}.Debug|x64.Build.0 = Debug|x64
		{EAA8D07C-2288-4ABF-8FC5-2953C16321DC}.Debug|x86.ActiveCfg = Debug|x86
		{EAA8D07C-2288-4ABF-8FC5-2953C16321DC}.Debug|x86.Build.0 = Debug|x86
		{EAA8D07C-2288-4ABF-8FC5-2953C16321DC}.Release|x64.ActiveCfg = Release|x64
		{EAA8D07C-2288-4ABF-8FC5-2953C16321DC}.Release|x64.Build.0 = Release|x64
		{EAA8D07C-2288-4ABF-8FC5-2953C16321DC}.Release|x86.ActiveCfg = Release|x86
		{EAA8D07C-2288-4ABF-8FC5-2953C16321DC}.Release|x86.Build.0 = Release|x86
		{2FE7D88B-9241-44B0-BC25-FE293EADCF59}.Debug|x64.ActiveCfg = Debug|x64
		{2FE7D88B-9241-44B0-BC25-FE293EADCF59}.Debug|x64.Build.0 = Debug|x64
		{2FE7D88B-9241-44B0-BC25-FE293EADCF59}.Debug|x86.ActiveCfg = Debug|x86
		{2FE7D88B-9241-44B0-BC25-FE293EADCF59}.Debug|x86.Build.0 = Debug|x86
		{2FE7D88B-9241-44B0-BC25-FE293EADCF59}.Release|x64.ActiveCfg = Release|x64
		{2FE7D88B-9241-44B0-BC25-FE293EADCF59}.Release|x64.Build.0 = Release|x64
		{2FE7D88B-9241-44B0-BC25-FE293EADCF59}.Release|x86.ActiveCfg = Release|x86
		{2FE7D88B-9241-44B0-BC25-FE293EADCF59}.Release|x86.Build.0 = Release|x86
		{C74782A2-6011-4A13-AC8E-85CCAB05F1C0}.Debug|x64.ActiveCfg = Debug|x64
		{C74782A2-6011-4A13-AC8E-85CCAB05F1C0}.Debug|x64.Build.0 = Debug|x64
		{C74782A2-6011-4A13-AC8E-85CCAB05F1C0}.Debug|x86.ActiveCfg = Debug|x86
		{C74782A2-6011-4A13-AC8E-85CCAB05F1C0}.Debug|x86.Build.0 = Debug|x86
		{C74782A2-6011-4A13-AC8E-85CCAB05F1C0}.Release|x64.ActiveCfg = Release|x64
		{C74782A2-6011-4A13-AC8E-85CCAB05F1C0}.Release|x64.Build.0 = Release|x64
		{C74782A2-6011-4A13-AC8E-85CCAB05F1C0}.Release|x86.ActiveCfg = Release|x86
		{C74782A2-6011-4A13-AC8E-85CCAB05F1C0}.Release|x86.Build.0 = Release|x86
		{60E4C5B3-EEA6-4632-9E28-044FC7C4419A}.Debug|x64.ActiveCfg = Debug|x64
		{60E4C5B3-EEA6-4632-9E28-044FC7C4419A}.Debug|x64.Build.0 = Debug|x64
		{60E4C5B3-EEA6-4632-9E28-044FC7C4419A}.Debug|x86.ActiveCfg = Debug|x86
		{60E4C5B3-EEA6-4632-9E28-044FC7C4419A}.Debug|x86.Build.0 = Debug|x86
		{60E4C5B3-EEA6-4632-9E28-044FC7C4419A}.Release|x64.ActiveCfg = Release|x64
		{60E4C5B3-EEA6-4632-9E28-044FC7C4419A}.Release|x64.Build.0 = Release|x64
		{60E4C5B3-EEA6-4632-9E28-044FC7C4419A}.Release|x86.ActiveCfg = Release|x86
		{60E4C5B3-EEA6-4632-9E28-044FC7C4419A}.Release|x86.Build.0 = Release|x86
		{39CA04AC-C886-4B46-9540-99451931E8D1}.Debug|x64.ActiveCfg = Debug|x64
		{39CA04AC-C886-4B46-9540-99451931E8D1}.Debug|x64.Build.0 = Debug|x64
		{39CA04AC-C886-4B46-9540-99451931E8D1}.Debug|x86.ActiveCfg = Debug|x86
		{39CA04AC-C886-4B46-9540-99451931E8D1}.Debug|x86.Build.0 = Debug|x86
		{39CA04AC-C886-4B46-9540-99451931E8D1}.Release|x64.ActiveCfg = Release|x64
		{39CA04AC-C886-4B46-9540-99451931E8D1}.Release|x64.Build.0 = Release|x64
		{39CA04AC-C886-4B46-9540-99451931E8D1}.Release|x86.ActiveCfg = Release|x86
		{39CA04AC-C886-4B46-9540-99451931E8D1}.Release|x86.Build.0 = Release|x86
		{1C942FA4-F392-49C5-B329-6AF432FCCC59}.Debug|x64.ActiveCfg = Debug|x64
		{1C942FA4-F392-49C5-B329-6AF432FCCC59}.Debug|x64.Build.0 = Debug|x64
		{1C942FA4-F392-49C5-B329-6AF432FCCC59}.Debug|x86.ActiveCfg = Debug|x86
		{1C942FA4-F392-49C5-B329-6AF432FCCC59}.Debug|x86.Build.0 = Debug|x86
		{1C942FA4-F392-49C5-B329-6AF432FCCC59}.Release|x64.ActiveCfg = Release|x64
		{1C942FA4-F392-49C5-B329-6AF432FCCC59}.Release|x64.Build.0 = Release|x64
		{1C942FA4-F392-49C5-B329-6AF432FCCC59}.Release|x86.ActiveCfg = Release|x86
		{1C942FA4-F392-49C5-B329-6AF432FCCC59}.Release|x86.Build.0 = Release|x86
		{E1BD983C-3981-44FC-97B3-05C7ED0975FD}.Debug|x64.ActiveCfg = Debug|x64
		{E1BD983C-3981-44FC-97B3-05C7ED0975FD}.Debug|x64.Build.0 = Debug|x64
		{E1BD983C-3981-44FC-97B3-05C7ED0975FD}.Debug|x86.ActiveCfg = Debug|x86
		{E1BD983C-3981-44FC-97B3-05C7ED0975FD}.Debug|x86.Build.0 = Debug|x86
		{E1BD983C-3981-44FC-97B3-05C7ED0975FD}.Release|x64.ActiveCfg = Release|x64
		{E1BD983C-3981-44FC-97B3-05C7ED0975FD}.Release|x64.Build.0 = Release|x64
		{E1BD983C-3981-44FC-97B3-05C7ED0975FD}.Release|x86.ActiveCfg = Release|x86
		{E1BD983C-3981-44FC-97B3-05C7ED0975FD}.Release|x86.Build.0 = Release|x86
		{3FD3A05A-4451-49D1-B38E-B897F3444754}.Debug|x64.ActiveCfg = Debug|x64
		{3FD3A05A-4451-49D1-B38E-B897F3444754}.Debug|x64.Build.0 = Debug|x64
		{3FD3A05A-4451-49D1-B38E-B897F3444754}.Debug|x86.ActiveCfg = Debug|x86
		{3FD3A05A-4451-49D1-B38E-B897F3444754}.Debug|x86.Build.0 = Debug|x86
		{3FD3A05A-4451-49D1-B38E-B897F3444754}.Release|x64.ActiveCfg = Release|x64
		{3FD3A05A-4451-49D1-B38E-B897F3444754}.Release|x64.Build.0 = Release|x64
		{3FD3A05A-4451-49D1-B38E-B897F3444754}.Release|x86.ActiveCfg = Release|x86
		{3FD3A05A-4451-49D1-B38E-B897F3444754}.Release|x86.Build.0 = Release|x86
		{EB07F515-E27C-4768-8BD8-2829F657807E}.Debug|x64.ActiveCfg = Debug|x64
		{EB07F515-E27C-4768-8BD8-2829F657807E}.Debug|x64.Build.0 = Debug|x64
		{EB07F515-E27C-4768-8BD8-2829F657807E}.Debug|x86.ActiveCfg = Debug|x86
		{EB07F515-E27C-4768-8BD8-2829F657807E}.Debug|x86.Build.0 = Debug|x86
		{EB07F515-E27C-4768-8BD8-2829F657807E}.Release|x64.ActiveCfg = Release|x64
		{EB07F515-E27C-4768-8BD8-2829F657807E}.Release|x64.Build.0 = Release|x64
		{EB07F515-E27C-4768-8BD8-2829F657807E}.Release|x86.ActiveCfg = Release|x86
		{EB07F515-E27C-4768-8BD8-2829F657807E}.Release|x86.Build.0 = Release|x86
		{0B27603C-CEB1-4A3A-B56F-CBC14B8C06E7}.Debug|x64.ActiveCfg = Debug|x64
		{0B27603C-CEB1-4A3A-B56F-CBC14B8C06E7}.Debug|x64.Build.0 = Debug|x64
		{0B27603C-CEB1-4A3A-B56F-CBC14B8C06E7}.Debug|x86.ActiveCfg = Debug|x86
		{0B27603C-CEB1-4A3A-B56F-CBC14B8C06E7}.Debug|x86.Build.0 = Debug|x86
		{0B27603C-CEB1-4A3A-B56F-CBC14B8C06E7}.Release|x64.ActiveCfg = Release|x64
		{0B27603C-CEB1-4A3A-B56F-CBC14B8C06E7}.Release|x64.Build.0 = Release|x64
		{0B27603C-CEB1-4A3A-B56F-CBC14B8C06E7}.Release|x86.ActiveCfg = Release|x86
		{0B27603C-CEB1-4A3A-B56F-CBC14B8C06E7}.Release|x86.Build.0 = Release|x86
		{18F32228-8351-4F99-992F-78E9D1CE83D9}.Debug|x64.ActiveCfg = Debug|x64
		{18F32228-8351-4F99-992F-78E9D1CE83D9}.Debug|x64.Build.0 = Debug|x64
		{18F32228-8351-4F99-992F-78E9D1CE83D9}.Debug|x86.ActiveCfg = Debug|x86
		{18F32228-8351-4F99-992F-78E9D1CE83D9}.Debug|x86.Build.0 = Debug|x86
		{18F32228-8351-4F99-992F-78E9D1CE83D9}.Release|x64.ActiveCfg = Release|x64
		{18F32228-8351-4F99-992F-78E9D1CE83D9}.Release|x64.Build.0 = Release|x64
		{18F32228-8351-4F99-992F-78E9D1CE83D9}.Release|x86.ActiveCfg = Release|x86
		{18F32228-8351-4F99-992F-78E9D1CE83D9}.Release|x86.Build.0 = Release|x86
		{0632A00B-DE9E-4350-A3F8-3A82F9C780AF}.Debug|x64.ActiveCfg = Debug|x64
		{0632A00B-DE9E-4350-A3F8-3A82F9C780AF}.Debug|x64.Build.0 = Debug|x64
		{0632A00B-DE9E-4350-A3F8-3A82F9C780AF}.Debug|x86.ActiveCfg = Debug|x86
		{0632A00B-DE9E-4350-A3F8-3A82F9C780AF}.Debug|x86.Build.0 = Debug|x86
		{0632A00B-DE9E-4350-A3F8-3A82F9C780AF}.Release|x64.ActiveCfg = Release|x64
		{0632A00B-DE9E-4350-A3F8-3A82F9C780AF}.Release|x64.Build.0 = Release|x64
		{0632A00B-DE9E-4350-A3F8-3A82F9C780AF}.Release|x86.ActiveCfg = Release|x86
		{0632A00B-DE9E-4350-A3F8-3A82F9C780AF}.Release|x86.Build.0 = Release|x86
		{423F13FC-DA0C-4C82-B75E-60A1BFEA7BB6}.Debug|x64.ActiveCfg = Debug|x64
		{423F13FC-DA0C-4C82-B75E-60A1BFEA7BB6}.Debug|x64.Build.0 = Debug|x64
		{423F13FC-DA0C-4C82-B75E-60A1BFEA7BB6}.Debug|x86.ActiveCfg = Debug|x86
		{423F13FC-DA0C-4C82-B75E-60A1BFEA7BB6}.Debug|x86.Build.0 = Debug|x86
		{423F13FC-DA0C-4C82-B75E-60A1BFEA7BB6}.Release|x64.ActiveCfg = Release|x64
		{423F13FC-DA0C-4C82-B75E-60A1BFEA7BB6}.Release|x64.Build.0 = Release|x64
		{423F13FC-DA0C-4C82-B75E-60A1BFEA7BB6}.Release|x86.ActiveCfg = Release|x86
		{423F13FC-DA0C-4C82-B75E-60A1BFEA7BB6}.Release|x86.Build.0 = Release|x86
		{17AB134C-9C71-4CCF-84D9-D90F6DD58A0A}.Debug|x64.ActiveCfg = Debug|x64
		{17AB134C-9C71-4CCF-84D9-D90F6DD58A0A}.Debug|x64.Build.0 = Debug|x64
		{17AB134C-9C71-4CCF-84D9-D90F6DD58A0A}.Debug|x86.ActiveCfg = Debug|x86
		{17AB134C-9C71-4CCF-84D9-D90F6DD58A0A}.Debug|x86.Build.0 = Debug|x86
		{17AB134C-9C71-4CCF-84D9-D90F6DD58A0A}.Release|x64.ActiveCfg = Release|x64
		{17AB134C-9C71-4CCF-84D9-D90F6DD58A0A}.Release|x64.Build.0 = Release|x64
		{17AB134C-9C71-4CCF-84D9-D90F6DD58A0A}.Release|x86.ActiveCfg = Release|x86
		{17AB134C-9C71-4CCF-84D9-D90F6DD58A0A}.Release|x86.Build.0 = Release|x86
		{BDDEC955-6D39-4058-92E5-F1BF170F860F}.Debug|x64.ActiveCfg = Debug|x64
		{BDDEC955-6D39-4058-92E5-F1BF170F860F}.Debug|x64.Build.0 = Debug|x64
		{BDDEC955-6D39-4058-92E5-F1BF170F860F}.Debug|x86.ActiveCfg = Debug|x86
		{BDDEC955-6D39-4058-92E5-F1BF170F860F}.Debug|x86.Build.0 = Debug|x86
		{BDDEC955-6D39-4058-92E5-F1BF170F860F}.Release|x64.ActiveCfg = Release|x64
		{BDDEC955-6D39-4058-92E5-F1BF170F860F}.Release|x64.Build.0 = Release|x64
		{BDDEC955-6D39-4058-92E5-F1BF170F860F}.Release|x86.ActiveCfg = Release|x86
		{BDDEC955-6D39-4058-92E5-F1BF170F860F}.Release|x86.Build.0 = Release|x86
		{88809E1C-ECE6-4480-BD63-2E6835870312}.Debug|x64.ActiveCfg = Debug|x64
		{88809E1C-ECE6-4480-BD63-2E6835870312}.Debug|x64.Build.0 = Debug|x64
		{88809E1C-ECE6-4480-BD63-2E6835870312}.Debug|x86.ActiveCfg = Debug|x86
		{88809E1C-ECE6-4480-BD63-2E6835870312}.Debug|x86.Build.0 = Debug|x86
		{88809E1C-ECE6-4480-BD63-2E6835870312}.Release|x64.ActiveCfg = Release|x64
		{88809E1C-ECE6-4480-BD63-2E6835870312}.Release|x64.Build.0 = Release|x64
		{88809E1C-ECE6-4480-BD63-2E6835870312}.Release|x86.ActiveCfg = Release|x86
		{88809E1C-ECE6-4480-BD63-2E6835870312}.Release|x86.Build.0 = Release|x86
		{CA9A5ACF-1E46-45D8-9FE6-FE259658B92A}.Debug|x64.ActiveCfg = Debug|x64
		{CA9A5ACF-1E46-45D8-9FE6-FE259658B92A}.Debug|x64.Build.0 = Debug|x64
		{CA9A5ACF-1E46-45D8-9FE6-FE259658B92A}.Debug|x86.ActiveCfg = Debug|x86
		{CA9A5ACF-1E46-45D8-9FE6-FE259658B92A}.Debug|x86.Build.0 = Debug|x86
		{CA9A5ACF-1E46-45D8-9FE6-FE259658B92A}.Release|x64.ActiveCfg = Release|x64
		{CA9A5ACF-1E46-45D8-9FE6-FE259658B92A}.Release|x64.Build.0 = Release|x64
		{CA9A5ACF-1E46-45D8-9FE6-FE259658B92A}.Release|x86.ActiveCfg = Release|x86
		{CA9A5ACF-1E46-45D8-9FE6-FE259658B92A}.Release|x86.Build.0 = Release|x86
		{839F0CF0-2994-408C-9168-2B9501EF0EC6}.Debug|x64.ActiveCfg = Debug|x64
		{839F0CF0-2994-408C-9168-2B9501EF0EC6}.Debug|x64.Build.0 = Debug|x64
		{839F0CF0-2994-408C-9168-2B9501EF0EC6}.Debug|x86.ActiveCfg = Debug|x86
		{839F0CF0-2994-408C-9168-2B9501EF0EC6}.Debug|x86.Build.0 = Debug|x86
		{839F0CF0-2994-408C-9168-2B9501EF0EC6}.Release|x64.ActiveCfg = Release|x64
		{839F0CF0-2994-408C-9168-2B9501EF0EC6}.Release|x64.Build.0 = Release|x64
		{839F0CF0-2994-408C-9168-2B9501EF0EC6}.Release|x86.ActiveCfg = Release|x86
		{839F0CF0-2994-408C-9168-2B9501EF0EC6}.Release|x86.Build.0 = Release|x86
		{248825D6-0B3D-4889-A486-F22B7C6F537B}.Debug|x64.ActiveCfg = Debug|x64
		{248825D6-0B3D-4889-A486-F22B7C6F537B}.Debug|x64.Build.0 = Debug|x64
		{248825D6-0B3D-4889-A486-F22B7C6F537B}.Debug|x86.ActiveCfg = Debug|x86
		{248825D6-0B3D-4889-A486-F22B7C6F537B}.Debug|x86.Build.0 = Debug|x86
		{248825D6-0B3D-4889-A486-F22B7C6F537B}.Release|x64.ActiveCfg = Release|x64
		{248825D6-0B3D-4889-A486-F22B7C6F537B}.Release|x64.Build.0 = Release|x64
		{248825D6-0B3D-4889-A486-F22B7C6F537B}.Release|x86.ActiveCfg = Release|x86
		{248825D6-0B3D-4889-A486-F22B7C6F537B}.Release|x86.Build.0 = Release|x86
		{9E85307D-2894-4C27-A582-2DAAF3E864A3}.Debug|x64.ActiveCfg = Debug|x64
		{9E85307D-2894-4C27-A582-2DAAF3E864A3}.Debug|x64.Build.0 = Debug|x64
		{9E85307D-2894-4C27-A582-2DAAF3E864A3}.Debug|x86.ActiveCfg = Debug|x86
		{9E85307D-2894-4C27-A582-2DAAF3E864A3}.Debug|x86.Build.0 = Debug|x86
		{9E85307D-2894-4C27-A582-2DAAF3E864A3}.Release|x64.ActiveCfg = Release|x64
		{9E85307D-2894-4C27-A582-2DAAF3E864A3}.Release|x64.Build.0 = Release|x64
		{9E85307D-2894-4C27-A582-2DAAF3E864A3}.Release|x86.ActiveCfg = Release|x86
		{9E85307D-2894-4C27-A582-2DAAF3E864A3}.Release|x86.Build.0 = Release|x86
		{4E7CA5F9-BDB7-4877-9358-B408B49A746A}.Debug|x64.ActiveCfg = Debug|x64
		{4E7CA5F9-BDB7-4877-9358-B408B49A746A}.Debug|x64.Build.0 = Debug|x64
		{4E7CA5F9-BDB7-4877-9358-B408B49A746A}.Debug|x86.ActiveCfg = Debug|x86
		{4E7CA5F9-BDB7-4877-9358-B408B49A746A}.Debug|x86.Build.0 = Debug|x86
		{4E7CA5F9-BDB7-4877-9358-B408B49A746A}.Release|x64.ActiveCfg = Release|x64
		{4E7CA5F9-BDB7-4877-9358-B408B49A746A}.Release|x64.Build.0 = Release|x64
		{4E7CA5F9-BDB7-4877-9358-B408B49A746A}.Release|x86.ActiveCfg = Release|x86
		{4E7CA5F9-BDB7-4877-9358-B408B49A746A}.Release|x86.Build.0 = Release|x86
		{F0F16AE1-2D86-4EF5-99E7-B11F18552470}.Debug|x64.ActiveCfg = Debug|x64
		{F0F16AE1-2D86-4EF5-99E7-B11F18552470}.Debug|x64.Build.0 = Debug|x64
		{F0F16AE1-2D86-4EF5-99E7-B11F18552470}.Debug|x86.ActiveCfg = Debug|x86
		{F0F16AE1-2D86-4EF5-99E7-B11F18552470}.Debug|x86.Build.0 = Debug|x86
		{F0F16AE1-2D86-4EF5-99E7-B11F18552470}.Release|x64.ActiveCfg = Release|x64
		{F0F16AE1-2D86-4EF5-99E7-B11F18552470}.Release|x64.Build.0 = Release|x64
		{F0F16AE1-2D86-4EF5-99E7-B11F18552470}.Release|x86.ActiveCfg = Release|x86
		{F0F16AE1-2D86-4EF5-99E7-B11F18552470}.Release|x86.Build.0 = Release|x86
		{CD1BA42A-D2AF-4447-835F-56A591EC50B2}.Debug|x64.ActiveCfg = Debug|x64
		{CD1BA42A-D2AF-4447-835F-56A591EC50B2}.Debug|x64.Build.0 = Debug|x64
		{CD1BA42A-D2AF-4447-835F-56A591EC50B2}.Debug|x86.ActiveCfg = Debug|x86
		{CD1BA42A-D2AF-4447-835F-56A591EC50B2}.Debug|x86.Build.0 = Debug|x86
		{CD1BA42A-D2AF-4447-835F-56A591EC50B2}.Release|x64.ActiveCfg = Release|x64
		{CD1BA42A-D2AF-4447-835F-56A591EC50B2}.Release|x64.Build.0 = Release|x64
		{CD1BA42A-D2AF-4447-835F-56A591EC50B2}.Release|x86.ActiveCfg = Release|x86
		{CD1BA42A-D2AF-4447-835F-56A591EC50B2}.Release|x86.Build.0 = Release|x86
		{415F55BE-7804-448E-A5D7-42B1DD73FD71}.Debug|x64.ActiveCfg = Debug|x64
		{415F55BE-7804-448E-A5D7-42B1DD73FD71}.Debug|x64.Build.0 = Debug|x64
		{415F55BE-7804-448E-A5D7-42B1DD73FD71}.Debug|x86.ActiveCfg = Debug|x86
		{415F55BE-7804-448E-A5D7-42B1DD73FD71}.Debug|x86.Build.0 = Debug|x86
		{415F55BE-7804-448E-A5D7-42B1DD73FD71}.Release|x64.ActiveCfg = Release|x64
		{415F55BE-7804-448E-A5D7-42B1DD73FD71}.Release|x64.Build.0 = Release|x64
		{415F55BE-7804-448E-A5D7-42B1DD73FD71}.Release|x86.ActiveCfg = Release|x86
		{415F55BE-7804-448E-A5D7-42B1DD73FD71}.Release|x86.Build.0 = Release|x86
		{7E7898D3-BA81-41C8-95F5-C7A5266C1392}.Debug|x64.ActiveCfg = Debug|x64
		{7E7898D3-BA81-41C8-95F5-C7A5266C1392}.Debug|x64.Build.0 = Debug|x64
		{7E7898D3-BA81-41C8-95F5-C7A5266C1392}.Debug|x86.ActiveCfg = Debug|x86
		{7E7898D3-BA81-41C8-95F5-C7A5266C1392}.Debug|x86.Build.0 = Debug|x86
		{7E7898D3-BA81-41C8-95F5-C7A5266C1392}.Release|x64.ActiveCfg = Release|x64
		{7E7898D3-BA81-41C8-95F5-C7A5266C1392}.Release|x64.Build.0 = Release|x64
		{7E7898D3-BA81-41C8-95F5-C7A5266C1392}.Release|x86.ActiveCfg = Release|x86
		{7E7898D3-BA81-41C8-95F5-C7A5266C1392}.Release|x86.Build.0 = Release|x86
		{BB25DCC2-44E0-4CD7-B666-3BC2CD3EB650}.Debug|x64.ActiveCfg = Debug|x64
		{BB25DCC2-44E0-4CD7-B666-3BC2CD3EB650}.Debug|x64.Build.0 = Debug|x64
		{BB25DCC2-44E0-4CD7-B666-3BC2CD3EB650}.Debug|x86.ActiveCfg = Debug|x86
		{BB25DCC2-44E0-4CD7-B666-3BC2CD3EB650}.Debug|x86.Build.0 = Debug|x86
		{BB25DCC2-44E0-4CD7-B666-3BC2CD3EB650}.Release|x64.ActiveCfg = Release|x64
		{BB25DCC2-44E0-4CD7-B666-3BC2CD3EB650}.Release|x64.Build.0 = Release|x64
		{BB25DCC2-44E0-4CD7-B666-3BC2CD3EB650}.Release|x86.ActiveCfg = Release|x86
		{BB25DCC2-44E0-4CD7-B666-3BC2CD3EB650}.Release|x86.Build.0 = Release|x86
		{01B2C0BD-02AA-4273-8277-8D3016D7A738}.Debug|x64.ActiveCfg = Debug|x64
		{01B2C0BD-02AA-4273-8277-8D3016D7A738}.Debug|x64.Build.0 = Debug|x64
		{01B2C0BD-02AA-4273-8277-8D3016D7A738}.Debug|x86.ActiveCfg = Debug|x86
		{01B2C0BD-02AA-4273-8277-8D3016D7A738}.Debug|x86.Build.0 = Debug|x86
		{01B2C0BD-02AA-4273-8277-8D3016D7A738}.Release|x64.ActiveCfg = Release|x64
		{01B2C0BD-02AA-4273-8277-8D3016D7A738}.Release|x64.Build.0 = Release|x64
		{01B2C0BD-02AA-4273-8277-8D3016D7A738}.Release|x86.ActiveCfg = Release|x86
		{01B2C0BD-02AA-4273-8277-8D3016D7A738}.Release|x86.Build.0 = Release|x86
		{A5BE17A0-2910-4791-90AC-74FA8A924E48}.Debug|x64.ActiveCfg = Debug|x64
		{A5BE17A0-2910-4791-90AC-74FA8A924E48}.Debug|x64.Build.0 = Debug|x64
		{A5BE17A0-2910-4791-90AC-74FA8A924E48}.Debug|x86.ActiveCfg = Debug|x86
		{A5BE17A0-2910-4791-90AC-74FA8A924E48}.Debug|x86.Build.0 = Debug|x86
		{A5BE17A0-2910-4791-90AC-74FA8A924E48}.Release|x64.ActiveCfg = Release|x64
		{A5BE17A0-2910-4791-90AC-74FA8A924E48}.Release|x64.Build.0 = Release|x64
		{A5BE17A0-2910-4791-90AC-74FA8A924E48}.Release|x86.ActiveCfg = Release|x86
		{A5BE17A0-2910-4791-90AC-74FA8A924E48}.Release|x86.Build.0 = Release|x86
		{FCCC4454-013C-46CD-9F7F-49857235286D}.Debug|x64.ActiveCfg = Debug|x64
		{FCCC4454-013C-46CD-9F7F-49857235286D}.Debug|x64.Build.0 = Debug|x64
		{FCCC4454-013C-46CD-9F7F-49857235286D}.Debug|x86.ActiveCfg = Debug|x86
		{FCCC4454-013C-46CD-9F7F-49857235286D}.Debug|x86.Build.0 = Debug|x86
		{FCCC4454-013C-46CD-9F7F-49857235286D}.Release|x64.ActiveCfg = Release|x64
		{FCCC4454-013C-46CD-9F7F-49857235286D}.Release|x64.Build.0 = Release|x64
		{FCCC4454-013C-46CD-9F7F-49857235286D}.Release|x86.ActiveCfg = Release|x86
		{FCCC4454-013C-46CD-9F7F-49857235286D}.Release|x86.Build.0 = Release|x86
		{A63D18F7-8CCC-41FF-99FB-15F4838DF49E}.Debug|x64.ActiveCfg = Debug|x64
		{A63D18F7-8CCC-41FF-99FB-15F4838DF49E}.Debug|x64.Build.0 = Debug|x64
		{A63D18F7-8CCC-41FF-99FB-15F4838DF49E}.Debug|x86.ActiveCfg = Debug|x86
		{A63D18F7-8CCC-41FF-99FB-15F4838DF49E}.Debug|x86.Build.0 = Debug|x86
		{A63D18F7-8CCC-41FF-99FB-15F4838DF49E}.Release|x64.ActiveCfg = Release|x64
		{A63D18F7-8CCC-41FF-99FB-15F4838DF49E}.Release|x64.Build.0 = Release|x64
		{A63D18F7-8CCC-41FF-99FB-15F4838DF49E}.Release|x86.ActiveCfg = Release|x86
		{A63D18F7-8CCC-41FF-99FB-15F4838DF49E}.Release|x86.Build.0 = Release|x86
		{2914A7A9-1A78-47DD-A758-642A7B176DE9}.Debug|x64.ActiveCfg = Debug|x64
		{2914A7A9-1A78-47DD-A758-642A7B176DE9}.Debug|x64.Build.0 = Debug|x64
		{2914A7A9-1A78-47DD-A758-642A7B176DE9}.Debug|x86.ActiveCfg = Debug|x86
		{2914A7A9-1A78-47DD-A758-642A7B176DE9}.Debug|x86.Build.0 = Debug|x86
		{2914A7A9-1A78-47DD-A758-642A7B176DE9}.Release|x64.ActiveCfg = Release|x64
		{2914A7A9-1A78-47DD-A758-642A7B176DE9}.Release|x64.Build.0 = Release|x64
		{2914A7A9-1A78-47DD-A758-642A7B176DE9}.Release|x86.ActiveCfg = Release|x86
		{2914A7A9-1A78-47DD-A758-642A7B176DE9}.Release|x86.Build.0 = Release|x86
		{7B2A0C05-5077-44B0-8AB2-A9CC69B6288B}.Debug|x64.ActiveCfg = Debug|x64
		{7B2A0C05-5077-44B0-8AB2-A9CC69B6288B}.Debug|x64.Build.0 = Debug|x64
		{7B2A0C05-5077-44B0-8AB2-A9CC69B6288B}.Debug|x86.ActiveCfg = Debug|x86
		{7B2A0C05-5077-44B0-8AB2-A9CC69B6288B}.Debug|x86.Build.0 = Debug|x86
		{7B2A0C05-5077-44B0-8AB2-A9CC69B6288B}.Release|x64.ActiveCfg = Release|x64
		{7B2A0C05-5077-44B0-8AB2-A9CC69B6288B}.Release|x64.Build.0 = Release|x64
		{7B2A0C05-5077-44B0-8AB2-A9CC69B6288B}.Release|x86.ActiveCfg = Release|x86
		{7B2A0C05-5077-44B0-8AB2-A9CC69B6288B}.Release|x86.Build.0 = Release|x86
		{3EF5ACBF-08F7-4240-8891-72D288A956ED}.Debug|x64.ActiveCfg = Debug|x64
		{3EF5ACBF-08F7-4240-8891-72D288A956ED}.Debug|x64.Build.0 = Debug|x64
		{3EF5ACBF-08F7-4240-8891-72D288A956ED}.Debug|x86.ActiveCfg = Debug|x86
		{3EF5ACBF-08F7-4240-8891-72D288A956ED}.Debug|x86.Build.0 = Debug|x86
		{3EF5ACBF-08F7-4240-8891-72D288A956ED}.Release|x64.ActiveCfg = Release|x64
		{3EF5ACBF-08F7-4240-8891-72D288A956ED}.Release|x64.Build.0 = Release|x64
		{3EF5ACBF-08F7-4240-8891-72D288A956ED}.Release|x86.ActiveCfg = Release|x86
		{3EF5ACBF-08F7-4240-8891-72D288A956ED}.Release|x86.Build.0 = Release|x86
		{69C48554-5070-4D02-9BCE-E50200A87112}.Debug|x64.ActiveCfg = Debug|x64
		{69C48554-5070-4D02-9BCE-E50200A87112}.Debug|x64.Build.0 = Debug|x64
		{69C48554-5070-4D02-9BCE-E50200A87112}.Debug|x86.ActiveCfg = Debug|Any CPU
		{69C48554-5070-4D02-9BCE-E50200A87112}.Debug|x86.Build.0 = Debug|Any CPU
		{69C48554-5070-4D02-9BCE-E50200A87112}.Release|x64.ActiveCfg = Release|x64
		{69C48554-5070-4D02-9BCE-E50200A87112}.Release|x64.Build.0 = Release|x64
		{69C48554-5070-4D02-9BCE-E50200A87112}.Release|x86.ActiveCfg = Release|Any CPU
		{69C48554-5070-4D02-9BCE-E50200A87112}.Release|x86.Build.0 = Release|Any CPU
		{815F39C9-75EB-40E9-A798-86DBE370B0E3}.Debug|x64.ActiveCfg = Debug|x64
		{815F39C9-75EB-40E9-A798-86DBE370B0E3}.Debug|x64.Build.0 = Debug|x64
		{815F39C9-75EB-40E9-A798-86DBE370B0E3}.Debug|x86.ActiveCfg = Debug|x86
		{815F39C9-75EB-40E9-A798-86DBE370B0E3}.Debug|x86.Build.0 = Debug|x86
		{815F39C9-75EB-40E9-A798-86DBE370B0E3}.Release|x64.ActiveCfg = Release|x64
		{815F39C9-75EB-40E9-A798-86DBE370B0E3}.Release|x64.Build.0 = Release|x64
		{815F39C9-75EB-40E9-A798-86DBE370B0E3}.Release|x86.ActiveCfg = Release|x86
		{815F39C9-75EB-40E9-A798-86DBE370B0E3}.Release|x86.Build.0 = Release|x86
		{6FF7BA9D-9FEA-4968-B9BA-243353B40CC8}.Debug|x64.ActiveCfg = Debug|x64
		{6FF7BA9D-9FEA-4968-B9BA-243353B40CC8}.Debug|x64.Build.0 = Debug|x64
		{6FF7BA9D-9FEA-4968-B9BA-243353B40CC8}.Debug|x86.ActiveCfg = Debug|x86
		{6FF7BA9D-9FEA-4968-B9BA-243353B40CC8}.Debug|x86.Build.0 = Debug|x86
		{6FF7BA9D-9FEA-4968-B9BA-243353B40CC8}.Release|x64.ActiveCfg = Release|x64
		{6FF7BA9D-9FEA-4968-B9BA-243353B40CC8}.Release|x64.Build.0 = Release|x64
		{6FF7BA9D-9FEA-4968-B9BA-243353B40CC8}.Release|x86.ActiveCfg = Release|x86
		{6FF7BA9D-9FEA-4968-B9BA-243353B40CC8}.Release|x86.Build.0 = Release|x86
		{CE89BC7F-4A96-4764-9A11-AB56B487BBE9}.Debug|x64.ActiveCfg = Debug|x64
		{CE89BC7F-4A96-4764-9A11-AB56B487BBE9}.Debug|x64.Build.0 = Debug|x64
		{CE89BC7F-4A96-4764-9A11-AB56B487BBE9}.Debug|x86.ActiveCfg = Debug|x86
		{CE89BC7F-4A96-4764-9A11-AB56B487BBE9}.Debug|x86.Build.0 = Debug|x86
		{CE89BC7F-4A96-4764-9A11-AB56B487BBE9}.Release|x64.ActiveCfg = Release|x64
		{CE89BC7F-4A96-4764-9A11-AB56B487BBE9}.Release|x64.Build.0 = Release|x64
		{CE89BC7F-4A96-4764-9A11-AB56B487BBE9}.Release|x86.ActiveCfg = Release|x86
		{CE89BC7F-4A96-4764-9A11-AB56B487BBE9}.Release|x86.Build.0 = Release|x86
		{A85ABAC9-39FE-48DA-B1C4-AFFF3EF90708}.Debug|x64.ActiveCfg = Debug|x64
		{A85ABAC9-39FE-48DA-B1C4-AFFF3EF90708}.Debug|x64.Build.0 = Debug|x64
		{A85ABAC9-39FE-48DA-B1C4-AFFF3EF90708}.Debug|x86.ActiveCfg = Debug|x86
		{A85ABAC9-39FE-48DA-B1C4-AFFF3EF90708}.Debug|x86.Build.0 = Debug|x86
		{A85ABAC9-39FE-48DA-B1C4-AFFF3EF90708}.Release|x64.ActiveCfg = Release|x64
		{A85ABAC9-39FE-48DA-B1C4-AFFF3EF90708}.Release|x64.Build.0 = Release|x64
		{A85ABAC9-39FE-48DA-B1C4-AFFF3EF90708}.Release|x86.ActiveCfg = Release|x86
		{A85ABAC9-39FE-48DA-B1C4-AFFF3EF90708}.Release|x86.Build.0 = Release|x86
		{327A01DE-F51A-4D18-8396-B92DCB353EB6}.Debug|x64.ActiveCfg = Debug|x64
		{327A01DE-F51A-4D18-8396-B92DCB353EB6}.Debug|x64.Build.0 = Debug|x64
		{327A01DE-F51A-4D18-8396-B92DCB353EB6}.Debug|x86.ActiveCfg = Debug|x86
		{327A01DE-F51A-4D18-8396-B92DCB353EB6}.Debug|x86.Build.0 = Debug|x86
		{327A01DE-F51A-4D18-8396-B92DCB353EB6}.Release|x64.ActiveCfg = Release|x64
		{327A01DE-F51A-4D18-8396-B92DCB353EB6}.Release|x64.Build.0 = Release|x64
		{327A01DE-F51A-4D18-8396-B92DCB353EB6}.Release|x86.ActiveCfg = Release|x86
		{327A01DE-F51A-4D18-8396-B92DCB353EB6}.Release|x86.Build.0 = Release|x86
		{F80620BF-511A-419E-8E70-3B90DD37EA83}.Debug|x64.ActiveCfg = Debug|x64
		{F80620BF-511A-419E-8E70-3B90DD37EA83}.Debug|x64.Build.0 = Debug|x64
		{F80620BF-511A-419E-8E70-3B90DD37EA83}.Debug|x86.ActiveCfg = Debug|x86
		{F80620BF-511A-419E-8E70-3B90DD37EA83}.Debug|x86.Build.0 = Debug|x86
		{F80620BF-511A-419E-8E70-3B90DD37EA83}.Release|x64.ActiveCfg = Release|x64
		{F80620BF-511A-419E-8E70-3B90DD37EA83}.Release|x64.Build.0 = Release|x64
		{F80620BF-511A-419E-8E70-3B90DD37EA83}.Release|x86.ActiveCfg = Release|x86
		{F80620BF-511A-419E-8E70-3B90DD37EA83}.Release|x86.Build.0 = Release|x86
		{694F125D-43A2-4139-A3AC-DE5E36CE9E78}.Debug|x64.ActiveCfg = Debug|x64
		{694F125D-43A2-4139-A3AC-DE5E36CE9E78}.Debug|x64.Build.0 = Debug|x64
		{694F125D-43A2-4139-A3AC-DE5E36CE9E78}.Debug|x86.ActiveCfg = Debug|x86
		{694F125D-43A2-4139-A3AC-DE5E36CE9E78}.Debug|x86.Build.0 = Debug|x86
		{694F125D-43A2-4139-A3AC-DE5E36CE9E78}.Release|x64.ActiveCfg = Release|x64
		{694F125D-43A2-4139-A3AC-DE5E36CE9E78}.Release|x64.Build.0 = Release|x64
		{694F125D-43A2-4139-A3AC-DE5E36CE9E78}.Release|x86.ActiveCfg = Release|x86
		{694F125D-43A2-4139-A3AC-DE5E36CE9E78}.Release|x86.Build.0 = Release|x86
		{8BB6A4CA-2B39-4169-BB3F-CDD1E095A241}.Debug|x64.ActiveCfg = Debug|x64
		{8BB6A4CA-2B39-4169-BB3F-CDD1E095A241}.Debug|x64.Build.0 = Debug|x64
		{8BB6A4CA-2B39-4169-BB3F-CDD1E095A241}.Debug|x86.ActiveCfg = Debug|x86
		{8BB6A4CA-2B39-4169-BB3F-CDD1E095A241}.Debug|x86.Build.0 = Debug|x86
		{8BB6A4CA-2B39-4169-BB3F-CDD1E095A241}.Release|x64.ActiveCfg = Release|x64
		{8BB6A4CA-2B39-4169-BB3F-CDD1E095A241}.Release|x64.Build.0 = Release|x64
		{8BB6A4CA-2B39-4169-BB3F-CDD1E095A241}.Release|x86.ActiveCfg = Release|x86
		{8BB6A4CA-2B39-4169-BB3F-CDD1E095A241}.Release|x86.Build.0 = Release|x86
		{21D921E8-E21D-48EF-8F0E-FE9D67B931B0}.Debug|x64.ActiveCfg = Debug|x64
		{21D921E8-E21D-48EF-8F0E-FE9D67B931B0}.Debug|x64.Build.0 = Debug|x64
		{21D921E8-E21D-48EF-8F0E-FE9D67B931B0}.Debug|x86.ActiveCfg = Debug|x86
		{21D921E8-E21D-48EF-8F0E-FE9D67B931B0}.Debug|x86.Build.0 = Debug|x86
		{21D921E8-E21D-48EF-8F0E-FE9D67B931B0}.Release|x64.ActiveCfg = Release|x64
		{21D921E8-E21D-48EF-8F0E-FE9D67B931B0}.Release|x64.Build.0 = Release|x64
		{21D921E8-E21D-48EF-8F0E-FE9D67B931B0}.Release|x86.ActiveCfg = Release|x86
		{21D921E8-E21D-48EF-8F0E-FE9D67B931B0}.Release|x86.Build.0 = Release|x86
		{D2820CD6-A44A-45F7-8CF3-3C18431734D2}.Debug|x64.ActiveCfg = Debug|x64
		{D2820CD6-A44A-45F7-8CF3-3C18431734D2}.Debug|x64.Build.0 = Debug|x64
		{D2820CD6-A44A-45F7-8CF3-3C18431734D2}.Debug|x86.ActiveCfg = Debug|x86
		{D2820CD6-A44A-45F7-8CF3-3C18431734D2}.Debug|x86.Build.0 = Debug|x86
		{D2820CD6-A44A-45F7-8CF3-3C18431734D2}.Release|x64.ActiveCfg = Release|x64
		{D2820CD6-A44A-45F7-8CF3-3C18431734D2}.Release|x64.Build.0 = Release|x64
		{D2820CD6-A44A-45F7-8CF3-3C18431734D2}.Release|x86.ActiveCfg = Release|x86
		{D2820CD6-A44A-45F7-8CF3-3C18431734D2}.Release|x86.Build.0 = Release|x86
		{BABF281F-D990-412D-A4C4-B9678910B103}.Debug|x64.ActiveCfg = Debug|x64
		{BABF281F-D990-412D-A4C4-B9678910B103}.Debug|x64.Build.0 = Debug|x64
		{BABF281F-D990-412D-A4C4-B9678910B103}.Debug|x86.ActiveCfg = Debug|x86
		{BABF281F-D990-412D-A4C4-B9678910B103}.Debug|x86.Build.0 = Debug|x86
		{BABF281F-D990-412D-A4C4-B9678910B103}.Release|x64.ActiveCfg = Release|x64
		{BABF281F-D990-412D-A4C4-B9678910B103}.Release|x64.Build.0 = Release|x64
		{BABF281F-D990-412D-A4C4-B9678910B103}.Release|x86.ActiveCfg = Release|x86
		{BABF281F-D990-412D-A4C4-B9678910B103}.Release|x86.Build.0 = Release|x86
		{82BAFE75-14F6-495A-B11B-DBB59CB7E10E}.Debug|x64.ActiveCfg = Debug|x64
		{82BAFE75-14F6-495A-B11B-DBB59CB7E10E}.Debug|x64.Build.0 = Debug|x64
		{82BAFE75-14F6-495A-B11B-DBB59CB7E10E}.Debug|x86.ActiveCfg = Debug|x86
		{82BAFE75-14F6-495A-B11B-DBB59CB7E10E}.Debug|x86.Build.0 = Debug|x86
		{82BAFE75-14F6-495A-B11B-DBB59CB7E10E}.Release|x64.ActiveCfg = Release|x64
		{82BAFE75-14F6-495A-B11B-DBB59CB7E10E}.Release|x64.Build.0 = Release|x64
		{82BAFE75-14F6-495A-B11B-DBB59CB7E10E}.Release|x86.ActiveCfg = Release|x86
		{82BAFE75-14F6-495A-B11B-DBB59CB7E10E}.Release|x86.Build.0 = Release|x86
		{F67B03CD-06FD-4E36-A86C-DB70B1B5AD58}.Debug|x64.ActiveCfg = Debug|x64
		{F67B03CD-06FD-4E36-A86C-DB70B1B5AD58}.Debug|x64.Build.0 = Debug|x64
		{F67B03CD-06FD-4E36-A86C-DB70B1B5AD58}.Debug|x86.ActiveCfg = Debug|x86
		{F67B03CD-06FD-4E36-A86C-DB70B1B5AD58}.Debug|x86.Build.0 = Debug|x86
		{F67B03CD-06FD-4E36-A86C-DB70B1B5AD58}.Release|x64.ActiveCfg = Release|x64
		{F67B03CD-06FD-4E36-A86C-DB70B1B5AD58}.Release|x64.Build.0 = Release|x64
		{F67B03CD-06FD-4E36-A86C-DB70B1B5AD58}.Release|x86.ActiveCfg = Release|x86
		{F67B03CD-06FD-4E36-A86C-DB70B1B5AD58}.Release|x86.Build.0 = Release|x86
		{DC624D12-0767-4683-8D3F-BF4DDAE9668B}.Debug|x64.ActiveCfg = Debug|x64
		{DC624D12-0767-4683-8D3F-BF4DDAE9668B}.Debug|x64.Build.0 = Debug|x64
		{DC624D12-0767-4683-8D3F-BF4DDAE9668B}.Debug|x86.ActiveCfg = Debug|x86
		{DC624D12-0767-4683-8D3F-BF4DDAE9668B}.Debug|x86.Build.0 = Debug|x86
		{DC624D12-0767-4683-8D3F-BF4DDAE9668B}.Release|x64.ActiveCfg = Release|x64
		{DC624D12-0767-4683-8D3F-BF4DDAE9668B}.Release|x64.Build.0 = Release|x64
		{DC624D12-0767-4683-8D3F-BF4DDAE9668B}.Release|x86.ActiveCfg = Release|x86
		{DC624D12-0767-4683-8D3F-BF4DDAE9668B}.Release|x86.Build.0 = Release|x86
		{9D6ED1EB-723D-AF83-8B48-756CFD87DC11}.Debug|x64.ActiveCfg = Debug|x64
		{9D6ED1EB-723D-AF83-8B48-756CFD87DC11}.Debug|x64.Build.0 = Debug|x64
		{9D6ED1EB-723D-AF83-8B48-756CFD87DC11}.Debug|x86.ActiveCfg = Debug|Any CPU
		{9D6ED1EB-723D-AF83-8B48-756CFD87DC11}.Debug|x86.Build.0 = Debug|Any CPU
		{9D6ED1EB-723D-AF83-8B48-756CFD87DC11}.Release|x64.ActiveCfg = Release|x64
		{9D6ED1EB-723D-AF83-8B48-756CFD87DC11}.Release|x64.Build.0 = Release|x64
		{9D6ED1EB-723D-AF83-8B48-756CFD87DC11}.Release|x86.ActiveCfg = Release|Any CPU
		{9D6ED1EB-723D-AF83-8B48-756CFD87DC11}.Release|x86.Build.0 = Release|Any CPU
		{FF73A183-ABD8-C2F8-3A31-8D7B7EFBAF2D}.Debug|x64.ActiveCfg = Debug|x64
		{FF73A183-ABD8-C2F8-3A31-8D7B7EFBAF2D}.Debug|x64.Build.0 = Debug|x64
		{FF73A183-ABD8-C2F8-3A31-8D7B7EFBAF2D}.Debug|x86.ActiveCfg = Debug|Any CPU
		{FF73A183-ABD8-C2F8-3A31-8D7B7EFBAF2D}.Debug|x86.Build.0 = Debug|Any CPU
		{FF73A183-ABD8-C2F8-3A31-8D7B7EFBAF2D}.Release|x64.ActiveCfg = Release|x64
		{FF73A183-ABD8-C2F8-3A31-8D7B7EFBAF2D}.Release|x64.Build.0 = Release|x64
		{FF73A183-ABD8-C2F8-3A31-8D7B7EFBAF2D}.Release|x86.ActiveCfg = Release|Any CPU
		{FF73A183-ABD8-C2F8-3A31-8D7B7EFBAF2D}.Release|x86.Build.0 = Release|Any CPU
		{0B842313-3FC7-407D-B201-7BD692517EE1}.Debug|x64.ActiveCfg = Debug|x64
		{0B842313-3FC7-407D-B201-7BD692517EE1}.Debug|x64.Build.0 = Debug|x64
		{0B842313-3FC7-407D-B201-7BD692517EE1}.Debug|x86.ActiveCfg = Debug|x86
		{0B842313-3FC7-407D-B201-7BD692517EE1}.Debug|x86.Build.0 = Debug|x86
		{0B842313-3FC7-407D-B201-7BD692517EE1}.Release|x64.ActiveCfg = Release|x64
		{0B842313-3FC7-407D-B201-7BD692517EE1}.Release|x64.Build.0 = Release|x64
		{0B842313-3FC7-407D-B201-7BD692517EE1}.Release|x86.ActiveCfg = Release|x86
		{0B842313-3FC7-407D-B201-7BD692517EE1}.Release|x86.Build.0 = Release|x86
		{AD51D0F1-70FD-4F2D-BA67-CDFDD8FDC694}.Debug|x64.ActiveCfg = Debug|x64
		{AD51D0F1-70FD-4F2D-BA67-CDFDD8FDC694}.Debug|x64.Build.0 = Debug|x64
		{AD51D0F1-70FD-4F2D-BA67-CDFDD8FDC694}.Debug|x86.ActiveCfg = Debug|x86
		{AD51D0F1-70FD-4F2D-BA67-CDFDD8FDC694}.Debug|x86.Build.0 = Debug|x86
		{AD51D0F1-70FD-4F2D-BA67-CDFDD8FDC694}.Release|x64.ActiveCfg = Release|x64
		{AD51D0F1-70FD-4F2D-BA67-CDFDD8FDC694}.Release|x64.Build.0 = Release|x64
		{AD51D0F1-70FD-4F2D-BA67-CDFDD8FDC694}.Release|x86.ActiveCfg = Release|x86
		{AD51D0F1-70FD-4F2D-BA67-CDFDD8FDC694}.Release|x86.Build.0 = Release|x86
		{32A47CB2-EABC-4E59-8DC8-49D8EF060270}.Debug|x64.ActiveCfg = Debug|x64
		{32A47CB2-EABC-4E59-8DC8-49D8EF060270}.Debug|x64.Build.0 = Debug|x64
		{32A47CB2-EABC-4E59-8DC8-49D8EF060270}.Debug|x86.ActiveCfg = Debug|x86
		{32A47CB2-EABC-4E59-8DC8-49D8EF060270}.Debug|x86.Build.0 = Debug|x86
		{32A47CB2-EABC-4E59-8DC8-49D8EF060270}.Release|x64.ActiveCfg = Release|x64
		{32A47CB2-EABC-4E59-8DC8-49D8EF060270}.Release|x64.Build.0 = Release|x64
		{32A47CB2-EABC-4E59-8DC8-49D8EF060270}.Release|x86.ActiveCfg = Release|x86
		{32A47CB2-EABC-4E59-8DC8-49D8EF060270}.Release|x86.Build.0 = Release|x86
	EndGlobalSection
	GlobalSection(SolutionProperties) = preSolution
		HideSolutionNode = FALSE
	EndGlobalSection
	GlobalSection(NestedProjects) = preSolution
		{48B6183A-CF51-42A4-889E-A75DA704D71D} = {98E57180-48B9-4648-AE42-7C7C67120471}
		{8D0572E4-4867-4AB4-B0C3-AE0BDDD3FEC6} = {98E57180-48B9-4648-AE42-7C7C67120471}
		{67376177-19DB-4684-AE31-52E98F62D363} = {98E57180-48B9-4648-AE42-7C7C67120471}
		{C8F325AF-2914-483C-B8A8-CED76E03C31E} = {2490FB17-BB03-4B06-95A2-56BD49921D53}
		{089C1412-5CCA-4E35-A3A9-13BB34071E8C} = {B0CB1025-E553-478F-AB51-B6D44312A46B}
		{78881F67-0F9D-47E4-9FD3-DCDEC4E0BEEE} = {2490FB17-BB03-4B06-95A2-56BD49921D53}
		{5440ADEB-9326-4147-89FE-C87F5CE6B013} = {F825789E-A737-4B16-AB6B-37342AC56705}
		{C0718D40-6D24-49F4-A30D-55B14078A0A1} = {5440ADEB-9326-4147-89FE-C87F5CE6B013}
		{DE4EC779-18FF-44DB-94AE-1A38CD497EC5} = {5440ADEB-9326-4147-89FE-C87F5CE6B013}
		{7E95704D-43F3-4187-97B6-8FA621F8230E} = {10A1E3E0-0E8F-495E-B38B-B678BFBBF043}
		{7F57B864-05CB-4488-A798-0FC08D9F62B2} = {7E95704D-43F3-4187-97B6-8FA621F8230E}
		{288E57B9-4D50-42D9-89C7-51A730B0C46A} = {7E95704D-43F3-4187-97B6-8FA621F8230E}
		{B2A94E52-625B-4AB1-96C8-DA04C0816168} = {10A1E3E0-0E8F-495E-B38B-B678BFBBF043}
		{E97647AB-CDFF-4DDA-A516-79AF2CAEEB59} = {B2A94E52-625B-4AB1-96C8-DA04C0816168}
		{272EA254-6413-4CB0-9A7A-937167BEBE3A} = {B2A94E52-625B-4AB1-96C8-DA04C0816168}
		{439E4AFB-51BD-4F54-B6FA-E20A06E29D6F} = {02EA681E-C7D8-13C7-8484-4AC65E1B71E8}
		{7E57743A-6B22-4706-80F6-A0A0B6D0F64A} = {F825789E-A737-4B16-AB6B-37342AC56705}
		{A5EB1658-A4ED-4AD0-BAEB-917A74D9D180} = {7E57743A-6B22-4706-80F6-A0A0B6D0F64A}
		{3071C4CC-A1CE-4211-9612-C366AA0CCE3D} = {7E57743A-6B22-4706-80F6-A0A0B6D0F64A}
		{45DDB2A3-3AC0-43A9-AA11-F93FF020B218} = {D906D792-9B8B-4C3F-8A8E-C8DB11304C45}
		{C606A58F-1C67-45A7-A61F-045F8DE9E665} = {9142AFCE-BF2A-46E5-A4EC-680E0BA65ED3}
		{AEE48E38-BDEF-46C4-BD09-ED5079DB4D2E} = {10A1E3E0-0E8F-495E-B38B-B678BFBBF043}
		{E794C24F-B285-4BBD-9388-35382AB1A1B4} = {AEE48E38-BDEF-46C4-BD09-ED5079DB4D2E}
		{E1E5CE5B-9A89-474F-850E-EAAB09230E5F} = {AEE48E38-BDEF-46C4-BD09-ED5079DB4D2E}
		{6256208A-B872-4603-91AA-C79FB8F16EBB} = {10A1E3E0-0E8F-495E-B38B-B678BFBBF043}
		{B4CB58D2-BDC9-4A3D-AD52-1E5C5FE565FF} = {6256208A-B872-4603-91AA-C79FB8F16EBB}
		{F4186339-6985-4767-83F6-371177697B5A} = {6256208A-B872-4603-91AA-C79FB8F16EBB}
		{C6C402EB-F060-4DF7-83A0-B9CF370C665D} = {F825789E-A737-4B16-AB6B-37342AC56705}
		{77A98319-4B8B-4326-BB9B-37E25FAFC187} = {C6C402EB-F060-4DF7-83A0-B9CF370C665D}
		{CABF7879-B01D-4612-BD24-64D33650F137} = {B0CB1025-E553-478F-AB51-B6D44312A46B}
		{0077C934-E53D-4881-83B6-011D2F080FB9} = {CABF7879-B01D-4612-BD24-64D33650F137}
		{5F095A1B-B21B-4208-A87E-D72C3D3DBFFC} = {CABF7879-B01D-4612-BD24-64D33650F137}
		{720F6EAF-8C2B-471C-9571-A71044440467} = {10A1E3E0-0E8F-495E-B38B-B678BFBBF043}
		{20E1DCC7-4798-460A-964B-E0D0780AD16B} = {720F6EAF-8C2B-471C-9571-A71044440467}
		{16E172B0-48E0-4F15-80E0-36A69EAE5876} = {10A1E3E0-0E8F-495E-B38B-B678BFBBF043}
		{81FDE95E-2E17-4B16-8CD7-8104BAEC39FC} = {16E172B0-48E0-4F15-80E0-36A69EAE5876}
		{4A26CA2D-CA84-475A-906A-FDDADFEA2705} = {16E172B0-48E0-4F15-80E0-36A69EAE5876}
		{D56EF0D4-DE4A-43E7-8888-972CF9D278C6} = {EBBF498C-4EC4-42B4-9AC1-349C274AAE03}
		{BCFEB85F-BAF2-4E49-BCC0-798308A3C37E} = {B0CB1025-E553-478F-AB51-B6D44312A46B}
		{03F66C13-3F83-44C1-8968-CF7589D48D59} = {B0CB1025-E553-478F-AB51-B6D44312A46B}
		{4B38BE06-C129-4406-AAA8-8185249F32C3} = {03F66C13-3F83-44C1-8968-CF7589D48D59}
		{5AB1E50C-65BE-4849-85A1-419A5759CF3B} = {03F66C13-3F83-44C1-8968-CF7589D48D59}
		{8C49C6B9-EC83-435D-98F6-50C8C6300E74} = {B0CB1025-E553-478F-AB51-B6D44312A46B}
		{EAA8D07C-2288-4ABF-8FC5-2953C16321DC} = {8C49C6B9-EC83-435D-98F6-50C8C6300E74}
		{EB948400-DD24-4154-B73D-D4295D3FDEE8} = {B0CB1025-E553-478F-AB51-B6D44312A46B}
		{2FE7D88B-9241-44B0-BC25-FE293EADCF59} = {EB948400-DD24-4154-B73D-D4295D3FDEE8}
		{C74782A2-6011-4A13-AC8E-85CCAB05F1C0} = {EB948400-DD24-4154-B73D-D4295D3FDEE8}
		{0C244CA5-6E3A-4599-8061-4FD46EA0F761} = {B0CB1025-E553-478F-AB51-B6D44312A46B}
		{60E4C5B3-EEA6-4632-9E28-044FC7C4419A} = {0C244CA5-6E3A-4599-8061-4FD46EA0F761}
		{F00A8105-3678-4D79-841E-7F75D3DD7635} = {B0CB1025-E553-478F-AB51-B6D44312A46B}
		{39CA04AC-C886-4B46-9540-99451931E8D1} = {F00A8105-3678-4D79-841E-7F75D3DD7635}
		{1C942FA4-F392-49C5-B329-6AF432FCCC59} = {F00A8105-3678-4D79-841E-7F75D3DD7635}
		{E1BD983C-3981-44FC-97B3-05C7ED0975FD} = {2490FB17-BB03-4B06-95A2-56BD49921D53}
		{76CBBE5D-17AD-4C54-A2C4-C6A715C4677B} = {03F66C13-3F83-44C1-8968-CF7589D48D59}
		{3FD3A05A-4451-49D1-B38E-B897F3444754} = {76CBBE5D-17AD-4C54-A2C4-C6A715C4677B}
		{EB07F515-E27C-4768-8BD8-2829F657807E} = {76CBBE5D-17AD-4C54-A2C4-C6A715C4677B}
		{0B27603C-CEB1-4A3A-B56F-CBC14B8C06E7} = {76CBBE5D-17AD-4C54-A2C4-C6A715C4677B}
		{18F32228-8351-4F99-992F-78E9D1CE83D9} = {76CBBE5D-17AD-4C54-A2C4-C6A715C4677B}
		{0632A00B-DE9E-4350-A3F8-3A82F9C780AF} = {76CBBE5D-17AD-4C54-A2C4-C6A715C4677B}
		{423F13FC-DA0C-4C82-B75E-60A1BFEA7BB6} = {76CBBE5D-17AD-4C54-A2C4-C6A715C4677B}
		{17AB134C-9C71-4CCF-84D9-D90F6DD58A0A} = {76CBBE5D-17AD-4C54-A2C4-C6A715C4677B}
		{BDDEC955-6D39-4058-92E5-F1BF170F860F} = {76CBBE5D-17AD-4C54-A2C4-C6A715C4677B}
		{815EAFB8-AD7E-44F9-B1A1-2D7BB75A3882} = {B0CB1025-E553-478F-AB51-B6D44312A46B}
		{88809E1C-ECE6-4480-BD63-2E6835870312} = {815EAFB8-AD7E-44F9-B1A1-2D7BB75A3882}
		{CA9A5ACF-1E46-45D8-9FE6-FE259658B92A} = {2490FB17-BB03-4B06-95A2-56BD49921D53}
		{839F0CF0-2994-408C-9168-2B9501EF0EC6} = {2490FB17-BB03-4B06-95A2-56BD49921D53}
		{184EC62B-AEFD-4FCD-8EE8-4DB6D430AA16} = {B0CB1025-E553-478F-AB51-B6D44312A46B}
		{248825D6-0B3D-4889-A486-F22B7C6F537B} = {184EC62B-AEFD-4FCD-8EE8-4DB6D430AA16}
		{9E85307D-2894-4C27-A582-2DAAF3E864A3} = {184EC62B-AEFD-4FCD-8EE8-4DB6D430AA16}
		{4E7CA5F9-BDB7-4877-9358-B408B49A746A} = {8C49C6B9-EC83-435D-98F6-50C8C6300E74}
		{258A6213-4C7C-4EDE-960E-DC48711B0655} = {F825789E-A737-4B16-AB6B-37342AC56705}
		{F0F16AE1-2D86-4EF5-99E7-B11F18552470} = {258A6213-4C7C-4EDE-960E-DC48711B0655}
		{E3F62F68-3190-41E3-B122-0D4CFBC8E5D4} = {F825789E-A737-4B16-AB6B-37342AC56705}
		{CD1BA42A-D2AF-4447-835F-56A591EC50B2} = {E3F62F68-3190-41E3-B122-0D4CFBC8E5D4}
		{415F55BE-7804-448E-A5D7-42B1DD73FD71} = {E3F62F68-3190-41E3-B122-0D4CFBC8E5D4}
		{7E7898D3-BA81-41C8-95F5-C7A5266C1392} = {E28FE767-CBCA-4505-97DD-9E28910DADD2}
		{6A9BD73D-0443-491E-BC65-9656F197571F} = {F825789E-A737-4B16-AB6B-37342AC56705}
		{BB25DCC2-44E0-4CD7-B666-3BC2CD3EB650} = {6A9BD73D-0443-491E-BC65-9656F197571F}
		{01B2C0BD-02AA-4273-8277-8D3016D7A738} = {98E57180-48B9-4648-AE42-7C7C67120471}
		{A5BE17A0-2910-4791-90AC-74FA8A924E48} = {98E57180-48B9-4648-AE42-7C7C67120471}
		{91C3A331-DF44-460C-AAD5-630363481C44} = {B0CB1025-E553-478F-AB51-B6D44312A46B}
		{FCCC4454-013C-46CD-9F7F-49857235286D} = {91C3A331-DF44-460C-AAD5-630363481C44}
		{A63D18F7-8CCC-41FF-99FB-15F4838DF49E} = {2490FB17-BB03-4B06-95A2-56BD49921D53}
		{2914A7A9-1A78-47DD-A758-642A7B176DE9} = {2490FB17-BB03-4B06-95A2-56BD49921D53}
		{8596ABA9-C1F0-4C7F-B026-B22A319D0032} = {10A1E3E0-0E8F-495E-B38B-B678BFBBF043}
		{7B2A0C05-5077-44B0-8AB2-A9CC69B6288B} = {8596ABA9-C1F0-4C7F-B026-B22A319D0032}
		{3EF5ACBF-08F7-4240-8891-72D288A956ED} = {8596ABA9-C1F0-4C7F-B026-B22A319D0032}
		{4DBBB8B5-E5D4-42CA-A816-49E16F2BB714} = {10A1E3E0-0E8F-495E-B38B-B678BFBBF043}
		{36AF0D2C-60C6-42C4-BD56-682C2728A07C} = {10A1E3E0-0E8F-495E-B38B-B678BFBBF043}
		{86432717-40F7-43A7-BFD4-5CFEF93DFD26} = {B0CB1025-E553-478F-AB51-B6D44312A46B}
		{815F39C9-75EB-40E9-A798-86DBE370B0E3} = {86432717-40F7-43A7-BFD4-5CFEF93DFD26}
		{6FF7BA9D-9FEA-4968-B9BA-243353B40CC8} = {91C3A331-DF44-460C-AAD5-630363481C44}
		{303E0960-D3E5-40C8-A597-427EE01CDBDA} = {B0CB1025-E553-478F-AB51-B6D44312A46B}
		{CE89BC7F-4A96-4764-9A11-AB56B487BBE9} = {303E0960-D3E5-40C8-A597-427EE01CDBDA}
		{057BBA40-C9CA-4680-8F0B-DF298E8D07C1} = {10A1E3E0-0E8F-495E-B38B-B678BFBBF043}
		{A85ABAC9-39FE-48DA-B1C4-AFFF3EF90708} = {057BBA40-C9CA-4680-8F0B-DF298E8D07C1}
		{23C038F8-F65B-4FE0-BBF2-EF599BF6D461} = {B0CB1025-E553-478F-AB51-B6D44312A46B}
		{327A01DE-F51A-4D18-8396-B92DCB353EB6} = {23C038F8-F65B-4FE0-BBF2-EF599BF6D461}
		{02EA681E-C7D8-13C7-8484-4AC65E1B71E8} = {10A1E3E0-0E8F-495E-B38B-B678BFBBF043}
		{EBBF498C-4EC4-42B4-9AC1-349C274AAE03} = {10A1E3E0-0E8F-495E-B38B-B678BFBBF043}
		{D906D792-9B8B-4C3F-8A8E-C8DB11304C45} = {10A1E3E0-0E8F-495E-B38B-B678BFBBF043}
		{9142AFCE-BF2A-46E5-A4EC-680E0BA65ED3} = {10A1E3E0-0E8F-495E-B38B-B678BFBBF043}
		{F80620BF-511A-419E-8E70-3B90DD37EA83} = {23C038F8-F65B-4FE0-BBF2-EF599BF6D461}
		{E28FE767-CBCA-4505-97DD-9E28910DADD2} = {B0CB1025-E553-478F-AB51-B6D44312A46B}
		{C9B82CCD-EA7B-41F2-AEFB-A6D42B86D0FF} = {B0CB1025-E553-478F-AB51-B6D44312A46B}
		{694F125D-43A2-4139-A3AC-DE5E36CE9E78} = {C9B82CCD-EA7B-41F2-AEFB-A6D42B86D0FF}
		{FC4C0A30-6505-4A04-BA64-3DCFFBB55060} = {10A1E3E0-0E8F-495E-B38B-B678BFBBF043}
		{8BB6A4CA-2B39-4169-BB3F-CDD1E095A241} = {FC4C0A30-6505-4A04-BA64-3DCFFBB55060}
		{21D921E8-E21D-48EF-8F0E-FE9D67B931B0} = {9142AFCE-BF2A-46E5-A4EC-680E0BA65ED3}
		{39826A04-75C8-4CC0-96F2-D0BA235F2064} = {B0CB1025-E553-478F-AB51-B6D44312A46B}
		{D2820CD6-A44A-45F7-8CF3-3C18431734D2} = {39826A04-75C8-4CC0-96F2-D0BA235F2064}
		{BABF281F-D990-412D-A4C4-B9678910B103} = {98E57180-48B9-4648-AE42-7C7C67120471}
		{82BAFE75-14F6-495A-B11B-DBB59CB7E10E} = {98E57180-48B9-4648-AE42-7C7C67120471}
		{31EA5809-EC91-478E-B98B-941A2830439F} = {B0CB1025-E553-478F-AB51-B6D44312A46B}
		{F67B03CD-06FD-4E36-A86C-DB70B1B5AD58} = {31EA5809-EC91-478E-B98B-941A2830439F}
		{DC624D12-0767-4683-8D3F-BF4DDAE9668B} = {02EA681E-C7D8-13C7-8484-4AC65E1B71E8}
		{9D6ED1EB-723D-AF83-8B48-756CFD87DC11} = {5C38743E-8E71-4E1C-985D-E99E7F405D22}
		{FF73A183-ABD8-C2F8-3A31-8D7B7EFBAF2D} = {5C38743E-8E71-4E1C-985D-E99E7F405D22}
		{0B842313-3FC7-407D-B201-7BD692517EE1} = {98E57180-48B9-4648-AE42-7C7C67120471}
		{AD51D0F1-70FD-4F2D-BA67-CDFDD8FDC694} = {98E57180-48B9-4648-AE42-7C7C67120471}
	EndGlobalSection
	GlobalSection(ExtensibilityGlobals) = postSolution
		SolutionGuid = {4CFECBD7-FE88-4CC9-8E1B-6F7805F4F45A}
	EndGlobalSection
EndGlobal
